PODS:
  - Alamofire (3.0.1)
  - RSKImageCropper (1.5.1)
  - SwiftyJSON (2.3.2)

DEPENDENCIES:
  - Alamofire (~> 3.0.0)
  - RSKImageCropper
  - SwiftyJSON (~> 2.3.0)

SPEC CHECKSUMS:
  Alamofire: 2457e1b2e6c46bb05c3a598c542b7bfd08893775
  RSKImageCropper: edd65fedb3734332818deb139906d6b7f54b8a44
  SwiftyJSON: 04ccea08915aa0109039157c7974cf0298da292a

COCOAPODS: 0.39.0
