// !$*UTF8*$!
{
	archiveVersion = 1;
	classes = {
	};
	objectVersion = 46;
	objects = {

/* Begin PBXBuildFile section */
		3CC2DA991BE2B7C000916FDD /* AppDelegate.swift in Sources */ = {isa = PBXBuildFile; fileRef = 3CC2DA981BE2B7C000916FDD /* AppDelegate.swift */; };
		3CC2DA9E1BE2B7C000916FDD /* Main.storyboard in Resources */ = {isa = PBXBuildFile; fileRef = 3CC2DA9C1BE2B7C000916FDD /* Main.storyboard */; };
		3CC2DAA01BE2B7C000916FDD /* Assets.xcassets in Resources */ = {isa = PBXBuildFile; fileRef = 3CC2DA9F1BE2B7C000916FDD /* Assets.xcassets */; };
		3CC2DAA31BE2B7C000916FDD /* LaunchScreen.storyboard in Resources */ = {isa = PBXBuildFile; fileRef = 3CC2DAA11BE2B7C000916FDD /* LaunchScreen.storyboard */; };
		3CC2DAAD1BE2B7F600916FDD /* Community.swift in Sources */ = {isa = PBXBuildFile; fileRef = 3CC2DAAA1BE2B7F600916FDD /* Community.swift */; };
		3CC2DAAE1BE2B7F600916FDD /* CommunityCell.swift in Sources */ = {isa = PBXBuildFile; fileRef = 3CC2DAAB1BE2B7F600916FDD /* CommunityCell.swift */; };
		3CC2DAAF1BE2B7F600916FDD /* CommunityDir.swift in Sources */ = {isa = PBXBuildFile; fileRef = 3CC2DAAC1BE2B7F600916FDD /* CommunityDir.swift */; };
		3CC2DAB41BE2B80E00916FDD /* Entry.swift in Sources */ = {isa = PBXBuildFile; fileRef = 3CC2DAB11BE2B80E00916FDD /* Entry.swift */; };
		3CC2DAB51BE2B80E00916FDD /* EntryCell.swift in Sources */ = {isa = PBXBuildFile; fileRef = 3CC2DAB21BE2B80E00916FDD /* EntryCell.swift */; };
		3CC2DAB61BE2B80E00916FDD /* EntryDir.swift in Sources */ = {isa = PBXBuildFile; fileRef = 3CC2DAB31BE2B80E00916FDD /* EntryDir.swift */; };
		841045D01C065A760016F48A /* EntryHeaderCell.swift in Sources */ = {isa = PBXBuildFile; fileRef = 841045CF1C065A760016F48A /* EntryHeaderCell.swift */; };
		8468C2FA1C0A4A74001F7FD6 /* PersonData.xcdatamodeld in Sources */ = {isa = PBXBuildFile; fileRef = 8468C2F81C0A4A74001F7FD6 /* PersonData.xcdatamodeld */; };
		84CC6D0F1C0B06FE008AA59F /* LatoRegular.ttf in Resources */ = {isa = PBXBuildFile; fileRef = 84CC6D0E1C0B06FE008AA59F /* LatoRegular.ttf */; };
		CA0C465E5026609983EE619B /* Pods.framework in Frameworks */ = {isa = PBXBuildFile; fileRef = A40B2CD6BB6C75F7AB60935C /* Pods.framework */; };
		F31006F11C1330A50008DA50 /* ComLogos in Resources */ = {isa = PBXBuildFile; fileRef = 3CC2DAD61BE2C2C700916FDD /* ComLogos */; };
		F31442801C3FD05500D4BCC5 /* Bookmarks.png in Resources */ = {isa = PBXBuildFile; fileRef = F314427F1C3FD05500D4BCC5 /* Bookmarks.png */; };
		F32106801C1D672E00EFF9F3 /* NewsDir.swift in Sources */ = {isa = PBXBuildFile; fileRef = F321067F1C1D672E00EFF9F3 /* NewsDir.swift */; };
		F33560571C3E7071002A127E /* SwiftyJSON.swift in Sources */ = {isa = PBXBuildFile; fileRef = F33560561C3E7071002A127E /* SwiftyJSON.swift */; };
		F337E3F71C221EB300557168 /* EntryData.swift in Sources */ = {isa = PBXBuildFile; fileRef = F337E3F61C221EB300557168 /* EntryData.swift */; };
		F337E3FA1C2221F300557168 /* CommunityData.swift in Sources */ = {isa = PBXBuildFile; fileRef = F337E3F91C2221F300557168 /* CommunityData.swift */; };
		F36D1C661C5C180200D0CECD /* NewsData.swift in Sources */ = {isa = PBXBuildFile; fileRef = F36D1C651C5C180200D0CECD /* NewsData.swift */; };
		F37EA2AC1C1441A000F522CA /* Comfortaa-Bold.ttf in Resources */ = {isa = PBXBuildFile; fileRef = F37EA2AB1C1441A000F522CA /* Comfortaa-Bold.ttf */; };
		F39439B81C14529900DA2431 /* WelcomePage.png in Resources */ = {isa = PBXBuildFile; fileRef = F39439B71C14529900DA2431 /* WelcomePage.png */; };
		F3AE60181C143EB6004E74C8 /* Icon.png in Resources */ = {isa = PBXBuildFile; fileRef = F3AE60171C143EB6004E74C8 /* Icon.png */; };
		F3B667941C176ED600B05CF5 /* SWRevealViewController.m in Sources */ = {isa = PBXBuildFile; fileRef = F3B667931C176ED600B05CF5 /* SWRevealViewController.m */; };
		F3B667971C1772C300B05CF5 /* MenuDir.swift in Sources */ = {isa = PBXBuildFile; fileRef = F3B667961C1772C300B05CF5 /* MenuDir.swift */; };
		F3B667A01C17869000B05CF5 /* ProfileCell.swift in Sources */ = {isa = PBXBuildFile; fileRef = F3B6679F1C17869000B05CF5 /* ProfileCell.swift */; };
		F3B667A31C178DCB00B05CF5 /* MenuItemCell.swift in Sources */ = {isa = PBXBuildFile; fileRef = F3B667A21C178DCB00B05CF5 /* MenuItemCell.swift */; };
		F3C10E421C1351FA007A94AA /* AllCommunities.png in Resources */ = {isa = PBXBuildFile; fileRef = F3C10E391C1351FA007A94AA /* AllCommunities.png */; };
		F3C10E441C1351FA007A94AA /* Control.png in Resources */ = {isa = PBXBuildFile; fileRef = F3C10E3B1C1351FA007A94AA /* Control.png */; };
		F3C10E451C1351FA007A94AA /* Menu.png in Resources */ = {isa = PBXBuildFile; fileRef = F3C10E3C1C1351FA007A94AA /* Menu.png */; };
		F3C10E461C1351FA007A94AA /* MyCommunities.png in Resources */ = {isa = PBXBuildFile; fileRef = F3C10E3D1C1351FA007A94AA /* MyCommunities.png */; };
		F3C10E471C1351FA007A94AA /* News.png in Resources */ = {isa = PBXBuildFile; fileRef = F3C10E3E1C1351FA007A94AA /* News.png */; };
		F3C10E481C1351FA007A94AA /* Popular.png in Resources */ = {isa = PBXBuildFile; fileRef = F3C10E3F1C1351FA007A94AA /* Popular.png */; };
		F3C10E491C1351FA007A94AA /* Settings.png in Resources */ = {isa = PBXBuildFile; fileRef = F3C10E401C1351FA007A94AA /* Settings.png */; };
		F3C10E4A1C1351FA007A94AA /* Suggested.png in Resources */ = {isa = PBXBuildFile; fileRef = F3C10E411C1351FA007A94AA /* Suggested.png */; };
		F3C10E4E1C13523A007A94AA /* Back.png in Resources */ = {isa = PBXBuildFile; fileRef = F3C10E4B1C13523A007A94AA /* Back.png */; };
		F3C10E4F1C13523A007A94AA /* Bookmark.png in Resources */ = {isa = PBXBuildFile; fileRef = F3C10E4C1C13523A007A94AA /* Bookmark.png */; };
		F3C10E501C13523A007A94AA /* BookmarkRed.png in Resources */ = {isa = PBXBuildFile; fileRef = F3C10E4D1C13523A007A94AA /* BookmarkRed.png */; };
		F3C3A59B1C5CE510003FA1F3 /* MemberData.swift in Sources */ = {isa = PBXBuildFile; fileRef = F3C3A59A1C5CE510003FA1F3 /* MemberData.swift */; };
		F3C3A59D1C5CE522003FA1F3 /* Member.swift in Sources */ = {isa = PBXBuildFile; fileRef = F3C3A59C1C5CE522003FA1F3 /* Member.swift */; };
		F3F386F31C582C4100DF2C31 /* AFHTTPRequestOperation.m in Sources */ = {isa = PBXBuildFile; fileRef = F3F386C21C582C4100DF2C31 /* AFHTTPRequestOperation.m */; };
		F3F386F41C582C4100DF2C31 /* AFHTTPRequestOperationManager.m in Sources */ = {isa = PBXBuildFile; fileRef = F3F386C41C582C4100DF2C31 /* AFHTTPRequestOperationManager.m */; };
		F3F386F51C582C4100DF2C31 /* AFURLConnectionOperation.m in Sources */ = {isa = PBXBuildFile; fileRef = F3F386C61C582C4100DF2C31 /* AFURLConnectionOperation.m */; };
		F3F386F61C582C4100DF2C31 /* AFHTTPSessionManager.m in Sources */ = {isa = PBXBuildFile; fileRef = F3F386C91C582C4100DF2C31 /* AFHTTPSessionManager.m */; };
		F3F386F71C582C4100DF2C31 /* AFURLSessionManager.m in Sources */ = {isa = PBXBuildFile; fileRef = F3F386CB1C582C4100DF2C31 /* AFURLSessionManager.m */; };
		F3F386F81C582C4100DF2C31 /* AFNetworkReachabilityManager.m in Sources */ = {isa = PBXBuildFile; fileRef = F3F386CE1C582C4100DF2C31 /* AFNetworkReachabilityManager.m */; };
		F3F386F91C582C4100DF2C31 /* AFSecurityPolicy.m in Sources */ = {isa = PBXBuildFile; fileRef = F3F386D11C582C4100DF2C31 /* AFSecurityPolicy.m */; };
		F3F386FA1C582C4100DF2C31 /* AFURLRequestSerialization.m in Sources */ = {isa = PBXBuildFile; fileRef = F3F386D41C582C4100DF2C31 /* AFURLRequestSerialization.m */; };
		F3F386FB1C582C4100DF2C31 /* AFURLResponseSerialization.m in Sources */ = {isa = PBXBuildFile; fileRef = F3F386D61C582C4100DF2C31 /* AFURLResponseSerialization.m */; };
		F3F386FD1C582C4100DF2C31 /* AFNetworking-dummy.m in Sources */ = {isa = PBXBuildFile; fileRef = F3F386DA1C582C4100DF2C31 /* AFNetworking-dummy.m */; };
		F3F386FE1C582C4100DF2C31 /* Info.plist in Resources */ = {isa = PBXBuildFile; fileRef = F3F386DD1C582C4100DF2C31 /* Info.plist */; };
		F3F386FF1C582C4100DF2C31 /* AFNetworkActivityIndicatorManager.m in Sources */ = {isa = PBXBuildFile; fileRef = F3F386E01C582C4100DF2C31 /* AFNetworkActivityIndicatorManager.m */; };
		F3F387001C582C4100DF2C31 /* UIActivityIndicatorView+AFNetworking.m in Sources */ = {isa = PBXBuildFile; fileRef = F3F386E21C582C4100DF2C31 /* UIActivityIndicatorView+AFNetworking.m */; };
		F3F387011C582C4100DF2C31 /* UIAlertView+AFNetworking.m in Sources */ = {isa = PBXBuildFile; fileRef = F3F386E41C582C4100DF2C31 /* UIAlertView+AFNetworking.m */; };
		F3F387021C582C4100DF2C31 /* UIButton+AFNetworking.m in Sources */ = {isa = PBXBuildFile; fileRef = F3F386E61C582C4100DF2C31 /* UIButton+AFNetworking.m */; };
		F3F387031C582C4100DF2C31 /* UIImageView+AFNetworking.m in Sources */ = {isa = PBXBuildFile; fileRef = F3F386E91C582C4100DF2C31 /* UIImageView+AFNetworking.m */; };
		F3F387041C582C4100DF2C31 /* UIProgressView+AFNetworking.m in Sources */ = {isa = PBXBuildFile; fileRef = F3F386EC1C582C4100DF2C31 /* UIProgressView+AFNetworking.m */; };
		F3F387051C582C4100DF2C31 /* UIRefreshControl+AFNetworking.m in Sources */ = {isa = PBXBuildFile; fileRef = F3F386EE1C582C4100DF2C31 /* UIRefreshControl+AFNetworking.m */; };
		F3F387061C582C4100DF2C31 /* UIWebView+AFNetworking.m in Sources */ = {isa = PBXBuildFile; fileRef = F3F386F01C582C4100DF2C31 /* UIWebView+AFNetworking.m */; };
/* End PBXBuildFile section */

/* Begin PBXFileReference section */
		1F6D5269A01F9B9516652A70 /* Pods.debug.xcconfig */ = {isa = PBXFileReference; includeInIndex = 1; lastKnownFileType = text.xcconfig; name = Pods.debug.xcconfig; path = "Pods/Target Support Files/Pods/Pods.debug.xcconfig"; sourceTree = "<group>"; };
		3CC2DA951BE2B7C000916FDD /* Comm.app */ = {isa = PBXFileReference; explicitFileType = wrapper.application; includeInIndex = 0; path = Comm.app; sourceTree = BUILT_PRODUCTS_DIR; };
		3CC2DA981BE2B7C000916FDD /* AppDelegate.swift */ = {isa = PBXFileReference; lastKnownFileType = sourcecode.swift; path = AppDelegate.swift; sourceTree = "<group>"; };
		3CC2DA9D1BE2B7C000916FDD /* Base */ = {isa = PBXFileReference; lastKnownFileType = file.storyboard; name = Base; path = Base.lproj/Main.storyboard; sourceTree = "<group>"; };
		3CC2DA9F1BE2B7C000916FDD /* Assets.xcassets */ = {isa = PBXFileReference; lastKnownFileType = folder.assetcatalog; path = Assets.xcassets; sourceTree = "<group>"; };
		3CC2DAA21BE2B7C000916FDD /* Base */ = {isa = PBXFileReference; lastKnownFileType = file.storyboard; name = Base; path = Base.lproj/LaunchScreen.storyboard; sourceTree = "<group>"; };
		3CC2DAA41BE2B7C000916FDD /* Info.plist */ = {isa = PBXFileReference; lastKnownFileType = text.plist.xml; path = Info.plist; sourceTree = "<group>"; };
		3CC2DAAA1BE2B7F600916FDD /* Community.swift */ = {isa = PBXFileReference; fileEncoding = 4; lastKnownFileType = sourcecode.swift; path = Community.swift; sourceTree = "<group>"; };
		3CC2DAAB1BE2B7F600916FDD /* CommunityCell.swift */ = {isa = PBXFileReference; fileEncoding = 4; lastKnownFileType = sourcecode.swift; path = CommunityCell.swift; sourceTree = "<group>"; };
		3CC2DAAC1BE2B7F600916FDD /* CommunityDir.swift */ = {isa = PBXFileReference; fileEncoding = 4; lastKnownFileType = sourcecode.swift; path = CommunityDir.swift; sourceTree = "<group>"; };
		3CC2DAB11BE2B80E00916FDD /* Entry.swift */ = {isa = PBXFileReference; fileEncoding = 4; lastKnownFileType = sourcecode.swift; path = Entry.swift; sourceTree = "<group>"; };
		3CC2DAB21BE2B80E00916FDD /* EntryCell.swift */ = {isa = PBXFileReference; fileEncoding = 4; lastKnownFileType = sourcecode.swift; path = EntryCell.swift; sourceTree = "<group>"; };
		3CC2DAB31BE2B80E00916FDD /* EntryDir.swift */ = {isa = PBXFileReference; fileEncoding = 4; lastKnownFileType = sourcecode.swift; path = EntryDir.swift; sourceTree = "<group>"; };
		3CC2DAD61BE2C2C700916FDD /* ComLogos */ = {isa = PBXFileReference; lastKnownFileType = folder; path = ComLogos; sourceTree = "<group>"; };
		542734DA7F8138C6B981EC92 /* Pods.release.xcconfig */ = {isa = PBXFileReference; includeInIndex = 1; lastKnownFileType = text.xcconfig; name = Pods.release.xcconfig; path = "Pods/Target Support Files/Pods/Pods.release.xcconfig"; sourceTree = "<group>"; };
		841045CF1C065A760016F48A /* EntryHeaderCell.swift */ = {isa = PBXFileReference; fileEncoding = 4; lastKnownFileType = sourcecode.swift; path = EntryHeaderCell.swift; sourceTree = "<group>"; };
		8468C2F91C0A4A74001F7FD6 /* PersonData.xcdatamodel */ = {isa = PBXFileReference; lastKnownFileType = wrapper.xcdatamodel; path = PersonData.xcdatamodel; sourceTree = "<group>"; };
		84CC6D0E1C0B06FE008AA59F /* LatoRegular.ttf */ = {isa = PBXFileReference; lastKnownFileType = file; path = LatoRegular.ttf; sourceTree = "<group>"; };
		A40B2CD6BB6C75F7AB60935C /* Pods.framework */ = {isa = PBXFileReference; explicitFileType = wrapper.framework; includeInIndex = 0; path = Pods.framework; sourceTree = BUILT_PRODUCTS_DIR; };
		F314427F1C3FD05500D4BCC5 /* Bookmarks.png */ = {isa = PBXFileReference; lastKnownFileType = image.png; path = Bookmarks.png; sourceTree = "<group>"; };
		F321067F1C1D672E00EFF9F3 /* NewsDir.swift */ = {isa = PBXFileReference; fileEncoding = 4; lastKnownFileType = sourcecode.swift; path = NewsDir.swift; sourceTree = "<group>"; };
		F33560561C3E7071002A127E /* SwiftyJSON.swift */ = {isa = PBXFileReference; fileEncoding = 4; lastKnownFileType = sourcecode.swift; path = SwiftyJSON.swift; sourceTree = "<group>"; };
		F337E3F61C221EB300557168 /* EntryData.swift */ = {isa = PBXFileReference; fileEncoding = 4; lastKnownFileType = sourcecode.swift; path = EntryData.swift; sourceTree = "<group>"; };
		F337E3F91C2221F300557168 /* CommunityData.swift */ = {isa = PBXFileReference; fileEncoding = 4; lastKnownFileType = sourcecode.swift; path = CommunityData.swift; sourceTree = "<group>"; };
		F36D1C651C5C180200D0CECD /* NewsData.swift */ = {isa = PBXFileReference; fileEncoding = 4; lastKnownFileType = sourcecode.swift; path = NewsData.swift; sourceTree = "<group>"; };
		F37EA2AB1C1441A000F522CA /* Comfortaa-Bold.ttf */ = {isa = PBXFileReference; lastKnownFileType = file; path = "Comfortaa-Bold.ttf"; sourceTree = "<group>"; };
		F39439B71C14529900DA2431 /* WelcomePage.png */ = {isa = PBXFileReference; lastKnownFileType = image.png; path = WelcomePage.png; sourceTree = "<group>"; };
		F3AE60171C143EB6004E74C8 /* Icon.png */ = {isa = PBXFileReference; lastKnownFileType = image.png; path = Icon.png; sourceTree = "<group>"; };
		F3B667911C176ED600B05CF5 /* Comm-Bridging-Header.h */ = {isa = PBXFileReference; lastKnownFileType = sourcecode.c.h; path = "Comm-Bridging-Header.h"; sourceTree = "<group>"; };
		F3B667921C176ED600B05CF5 /* SWRevealViewController.h */ = {isa = PBXFileReference; fileEncoding = 4; lastKnownFileType = sourcecode.c.h; path = SWRevealViewController.h; sourceTree = "<group>"; };
		F3B667931C176ED600B05CF5 /* SWRevealViewController.m */ = {isa = PBXFileReference; fileEncoding = 4; lastKnownFileType = sourcecode.c.objc; path = SWRevealViewController.m; sourceTree = "<group>"; };
		F3B667961C1772C300B05CF5 /* MenuDir.swift */ = {isa = PBXFileReference; fileEncoding = 4; lastKnownFileType = sourcecode.swift; path = MenuDir.swift; sourceTree = "<group>"; };
		F3B6679F1C17869000B05CF5 /* ProfileCell.swift */ = {isa = PBXFileReference; fileEncoding = 4; lastKnownFileType = sourcecode.swift; path = ProfileCell.swift; sourceTree = "<group>"; };
		F3B667A21C178DCB00B05CF5 /* MenuItemCell.swift */ = {isa = PBXFileReference; fileEncoding = 4; lastKnownFileType = sourcecode.swift; path = MenuItemCell.swift; sourceTree = "<group>"; };
		F3C10E391C1351FA007A94AA /* AllCommunities.png */ = {isa = PBXFileReference; lastKnownFileType = image.png; path = AllCommunities.png; sourceTree = "<group>"; };
		F3C10E3B1C1351FA007A94AA /* Control.png */ = {isa = PBXFileReference; lastKnownFileType = image.png; path = Control.png; sourceTree = "<group>"; };
		F3C10E3C1C1351FA007A94AA /* Menu.png */ = {isa = PBXFileReference; lastKnownFileType = image.png; path = Menu.png; sourceTree = "<group>"; };
		F3C10E3D1C1351FA007A94AA /* MyCommunities.png */ = {isa = PBXFileReference; lastKnownFileType = image.png; path = MyCommunities.png; sourceTree = "<group>"; };
		F3C10E3E1C1351FA007A94AA /* News.png */ = {isa = PBXFileReference; lastKnownFileType = image.png; path = News.png; sourceTree = "<group>"; };
		F3C10E3F1C1351FA007A94AA /* Popular.png */ = {isa = PBXFileReference; lastKnownFileType = image.png; path = Popular.png; sourceTree = "<group>"; };
		F3C10E401C1351FA007A94AA /* Settings.png */ = {isa = PBXFileReference; lastKnownFileType = image.png; path = Settings.png; sourceTree = "<group>"; };
		F3C10E411C1351FA007A94AA /* Suggested.png */ = {isa = PBXFileReference; lastKnownFileType = image.png; path = Suggested.png; sourceTree = "<group>"; };
		F3C10E4B1C13523A007A94AA /* Back.png */ = {isa = PBXFileReference; lastKnownFileType = image.png; path = Back.png; sourceTree = "<group>"; };
		F3C10E4C1C13523A007A94AA /* Bookmark.png */ = {isa = PBXFileReference; lastKnownFileType = image.png; path = Bookmark.png; sourceTree = "<group>"; };
		F3C10E4D1C13523A007A94AA /* BookmarkRed.png */ = {isa = PBXFileReference; lastKnownFileType = image.png; path = BookmarkRed.png; sourceTree = "<group>"; };
		F3C3A59A1C5CE510003FA1F3 /* MemberData.swift */ = {isa = PBXFileReference; fileEncoding = 4; lastKnownFileType = sourcecode.swift; path = MemberData.swift; sourceTree = "<group>"; };
		F3C3A59C1C5CE522003FA1F3 /* Member.swift */ = {isa = PBXFileReference; fileEncoding = 4; lastKnownFileType = sourcecode.swift; path = Member.swift; sourceTree = "<group>"; };
		F3F386C01C582C4100DF2C31 /* AFNetworking.h */ = {isa = PBXFileReference; fileEncoding = 4; lastKnownFileType = sourcecode.c.h; name = AFNetworking.h; path = AFNetworking/AFNetworking.h; sourceTree = "<group>"; };
		F3F386C11C582C4100DF2C31 /* AFHTTPRequestOperation.h */ = {isa = PBXFileReference; fileEncoding = 4; lastKnownFileType = sourcecode.c.h; name = AFHTTPRequestOperation.h; path = AFNetworking/AFHTTPRequestOperation.h; sourceTree = "<group>"; };
		F3F386C21C582C4100DF2C31 /* AFHTTPRequestOperation.m */ = {isa = PBXFileReference; fileEncoding = 4; lastKnownFileType = sourcecode.c.objc; name = AFHTTPRequestOperation.m; path = AFNetworking/AFHTTPRequestOperation.m; sourceTree = "<group>"; };
		F3F386C31C582C4100DF2C31 /* AFHTTPRequestOperationManager.h */ = {isa = PBXFileReference; fileEncoding = 4; lastKnownFileType = sourcecode.c.h; name = AFHTTPRequestOperationManager.h; path = AFNetworking/AFHTTPRequestOperationManager.h; sourceTree = "<group>"; };
		F3F386C41C582C4100DF2C31 /* AFHTTPRequestOperationManager.m */ = {isa = PBXFileReference; fileEncoding = 4; lastKnownFileType = sourcecode.c.objc; name = AFHTTPRequestOperationManager.m; path = AFNetworking/AFHTTPRequestOperationManager.m; sourceTree = "<group>"; };
		F3F386C51C582C4100DF2C31 /* AFURLConnectionOperation.h */ = {isa = PBXFileReference; fileEncoding = 4; lastKnownFileType = sourcecode.c.h; name = AFURLConnectionOperation.h; path = AFNetworking/AFURLConnectionOperation.h; sourceTree = "<group>"; };
		F3F386C61C582C4100DF2C31 /* AFURLConnectionOperation.m */ = {isa = PBXFileReference; fileEncoding = 4; lastKnownFileType = sourcecode.c.objc; name = AFURLConnectionOperation.m; path = AFNetworking/AFURLConnectionOperation.m; sourceTree = "<group>"; };
		F3F386C81C582C4100DF2C31 /* AFHTTPSessionManager.h */ = {isa = PBXFileReference; fileEncoding = 4; lastKnownFileType = sourcecode.c.h; name = AFHTTPSessionManager.h; path = AFNetworking/AFHTTPSessionManager.h; sourceTree = "<group>"; };
		F3F386C91C582C4100DF2C31 /* AFHTTPSessionManager.m */ = {isa = PBXFileReference; fileEncoding = 4; lastKnownFileType = sourcecode.c.objc; name = AFHTTPSessionManager.m; path = AFNetworking/AFHTTPSessionManager.m; sourceTree = "<group>"; };
		F3F386CA1C582C4100DF2C31 /* AFURLSessionManager.h */ = {isa = PBXFileReference; fileEncoding = 4; lastKnownFileType = sourcecode.c.h; name = AFURLSessionManager.h; path = AFNetworking/AFURLSessionManager.h; sourceTree = "<group>"; };
		F3F386CB1C582C4100DF2C31 /* AFURLSessionManager.m */ = {isa = PBXFileReference; fileEncoding = 4; lastKnownFileType = sourcecode.c.objc; name = AFURLSessionManager.m; path = AFNetworking/AFURLSessionManager.m; sourceTree = "<group>"; };
		F3F386CD1C582C4100DF2C31 /* AFNetworkReachabilityManager.h */ = {isa = PBXFileReference; fileEncoding = 4; lastKnownFileType = sourcecode.c.h; name = AFNetworkReachabilityManager.h; path = AFNetworking/AFNetworkReachabilityManager.h; sourceTree = "<group>"; };
		F3F386CE1C582C4100DF2C31 /* AFNetworkReachabilityManager.m */ = {isa = PBXFileReference; fileEncoding = 4; lastKnownFileType = sourcecode.c.objc; name = AFNetworkReachabilityManager.m; path = AFNetworking/AFNetworkReachabilityManager.m; sourceTree = "<group>"; };
		F3F386D01C582C4100DF2C31 /* AFSecurityPolicy.h */ = {isa = PBXFileReference; fileEncoding = 4; lastKnownFileType = sourcecode.c.h; name = AFSecurityPolicy.h; path = AFNetworking/AFSecurityPolicy.h; sourceTree = "<group>"; };
		F3F386D11C582C4100DF2C31 /* AFSecurityPolicy.m */ = {isa = PBXFileReference; fileEncoding = 4; lastKnownFileType = sourcecode.c.objc; name = AFSecurityPolicy.m; path = AFNetworking/AFSecurityPolicy.m; sourceTree = "<group>"; };
		F3F386D31C582C4100DF2C31 /* AFURLRequestSerialization.h */ = {isa = PBXFileReference; fileEncoding = 4; lastKnownFileType = sourcecode.c.h; name = AFURLRequestSerialization.h; path = AFNetworking/AFURLRequestSerialization.h; sourceTree = "<group>"; };
		F3F386D41C582C4100DF2C31 /* AFURLRequestSerialization.m */ = {isa = PBXFileReference; fileEncoding = 4; lastKnownFileType = sourcecode.c.objc; name = AFURLRequestSerialization.m; path = AFNetworking/AFURLRequestSerialization.m; sourceTree = "<group>"; };
		F3F386D51C582C4100DF2C31 /* AFURLResponseSerialization.h */ = {isa = PBXFileReference; fileEncoding = 4; lastKnownFileType = sourcecode.c.h; name = AFURLResponseSerialization.h; path = AFNetworking/AFURLResponseSerialization.h; sourceTree = "<group>"; };
		F3F386D61C582C4100DF2C31 /* AFURLResponseSerialization.m */ = {isa = PBXFileReference; fileEncoding = 4; lastKnownFileType = sourcecode.c.objc; name = AFURLResponseSerialization.m; path = AFNetworking/AFURLResponseSerialization.m; sourceTree = "<group>"; };
		F3F386D81C582C4100DF2C31 /* AFNetworking.modulemap */ = {isa = PBXFileReference; fileEncoding = 4; lastKnownFileType = "sourcecode.module-map"; path = AFNetworking.modulemap; sourceTree = "<group>"; };
		F3F386D91C582C4100DF2C31 /* AFNetworking.xcconfig */ = {isa = PBXFileReference; fileEncoding = 4; lastKnownFileType = text.xcconfig; path = AFNetworking.xcconfig; sourceTree = "<group>"; };
		F3F386DA1C582C4100DF2C31 /* AFNetworking-dummy.m */ = {isa = PBXFileReference; fileEncoding = 4; lastKnownFileType = sourcecode.c.objc; path = "AFNetworking-dummy.m"; sourceTree = "<group>"; };
		F3F386DB1C582C4100DF2C31 /* AFNetworking-prefix.pch */ = {isa = PBXFileReference; fileEncoding = 4; lastKnownFileType = sourcecode.c.h; path = "AFNetworking-prefix.pch"; sourceTree = "<group>"; };
		F3F386DC1C582C4100DF2C31 /* AFNetworking-umbrella.h */ = {isa = PBXFileReference; fileEncoding = 4; lastKnownFileType = sourcecode.c.h; path = "AFNetworking-umbrella.h"; sourceTree = "<group>"; };
		F3F386DD1C582C4100DF2C31 /* Info.plist */ = {isa = PBXFileReference; fileEncoding = 4; lastKnownFileType = text.plist.xml; path = Info.plist; sourceTree = "<group>"; };
		F3F386DF1C582C4100DF2C31 /* AFNetworkActivityIndicatorManager.h */ = {isa = PBXFileReference; fileEncoding = 4; lastKnownFileType = sourcecode.c.h; name = AFNetworkActivityIndicatorManager.h; path = "UIKit+AFNetworking/AFNetworkActivityIndicatorManager.h"; sourceTree = "<group>"; };
		F3F386E01C582C4100DF2C31 /* AFNetworkActivityIndicatorManager.m */ = {isa = PBXFileReference; fileEncoding = 4; lastKnownFileType = sourcecode.c.objc; name = AFNetworkActivityIndicatorManager.m; path = "UIKit+AFNetworking/AFNetworkActivityIndicatorManager.m"; sourceTree = "<group>"; };
		F3F386E11C582C4100DF2C31 /* UIActivityIndicatorView+AFNetworking.h */ = {isa = PBXFileReference; fileEncoding = 4; lastKnownFileType = sourcecode.c.h; name = "UIActivityIndicatorView+AFNetworking.h"; path = "UIKit+AFNetworking/UIActivityIndicatorView+AFNetworking.h"; sourceTree = "<group>"; };
		F3F386E21C582C4100DF2C31 /* UIActivityIndicatorView+AFNetworking.m */ = {isa = PBXFileReference; fileEncoding = 4; lastKnownFileType = sourcecode.c.objc; name = "UIActivityIndicatorView+AFNetworking.m"; path = "UIKit+AFNetworking/UIActivityIndicatorView+AFNetworking.m"; sourceTree = "<group>"; };
		F3F386E31C582C4100DF2C31 /* UIAlertView+AFNetworking.h */ = {isa = PBXFileReference; fileEncoding = 4; lastKnownFileType = sourcecode.c.h; name = "UIAlertView+AFNetworking.h"; path = "UIKit+AFNetworking/UIAlertView+AFNetworking.h"; sourceTree = "<group>"; };
		F3F386E41C582C4100DF2C31 /* UIAlertView+AFNetworking.m */ = {isa = PBXFileReference; fileEncoding = 4; lastKnownFileType = sourcecode.c.objc; name = "UIAlertView+AFNetworking.m"; path = "UIKit+AFNetworking/UIAlertView+AFNetworking.m"; sourceTree = "<group>"; };
		F3F386E51C582C4100DF2C31 /* UIButton+AFNetworking.h */ = {isa = PBXFileReference; fileEncoding = 4; lastKnownFileType = sourcecode.c.h; name = "UIButton+AFNetworking.h"; path = "UIKit+AFNetworking/UIButton+AFNetworking.h"; sourceTree = "<group>"; };
		F3F386E61C582C4100DF2C31 /* UIButton+AFNetworking.m */ = {isa = PBXFileReference; fileEncoding = 4; lastKnownFileType = sourcecode.c.objc; name = "UIButton+AFNetworking.m"; path = "UIKit+AFNetworking/UIButton+AFNetworking.m"; sourceTree = "<group>"; };
		F3F386E71C582C4100DF2C31 /* UIImage+AFNetworking.h */ = {isa = PBXFileReference; fileEncoding = 4; lastKnownFileType = sourcecode.c.h; name = "UIImage+AFNetworking.h"; path = "UIKit+AFNetworking/UIImage+AFNetworking.h"; sourceTree = "<group>"; };
		F3F386E81C582C4100DF2C31 /* UIImageView+AFNetworking.h */ = {isa = PBXFileReference; fileEncoding = 4; lastKnownFileType = sourcecode.c.h; name = "UIImageView+AFNetworking.h"; path = "UIKit+AFNetworking/UIImageView+AFNetworking.h"; sourceTree = "<group>"; };
		F3F386E91C582C4100DF2C31 /* UIImageView+AFNetworking.m */ = {isa = PBXFileReference; fileEncoding = 4; lastKnownFileType = sourcecode.c.objc; name = "UIImageView+AFNetworking.m"; path = "UIKit+AFNetworking/UIImageView+AFNetworking.m"; sourceTree = "<group>"; };
		F3F386EA1C582C4100DF2C31 /* UIKit+AFNetworking.h */ = {isa = PBXFileReference; fileEncoding = 4; lastKnownFileType = sourcecode.c.h; name = "UIKit+AFNetworking.h"; path = "UIKit+AFNetworking/UIKit+AFNetworking.h"; sourceTree = "<group>"; };
		F3F386EB1C582C4100DF2C31 /* UIProgressView+AFNetworking.h */ = {isa = PBXFileReference; fileEncoding = 4; lastKnownFileType = sourcecode.c.h; name = "UIProgressView+AFNetworking.h"; path = "UIKit+AFNetworking/UIProgressView+AFNetworking.h"; sourceTree = "<group>"; };
		F3F386EC1C582C4100DF2C31 /* UIProgressView+AFNetworking.m */ = {isa = PBXFileReference; fileEncoding = 4; lastKnownFileType = sourcecode.c.objc; name = "UIProgressView+AFNetworking.m"; path = "UIKit+AFNetworking/UIProgressView+AFNetworking.m"; sourceTree = "<group>"; };
		F3F386ED1C582C4100DF2C31 /* UIRefreshControl+AFNetworking.h */ = {isa = PBXFileReference; fileEncoding = 4; lastKnownFileType = sourcecode.c.h; name = "UIRefreshControl+AFNetworking.h"; path = "UIKit+AFNetworking/UIRefreshControl+AFNetworking.h"; sourceTree = "<group>"; };
		F3F386EE1C582C4100DF2C31 /* UIRefreshControl+AFNetworking.m */ = {isa = PBXFileReference; fileEncoding = 4; lastKnownFileType = sourcecode.c.objc; name = "UIRefreshControl+AFNetworking.m"; path = "UIKit+AFNetworking/UIRefreshControl+AFNetworking.m"; sourceTree = "<group>"; };
		F3F386EF1C582C4100DF2C31 /* UIWebView+AFNetworking.h */ = {isa = PBXFileReference; fileEncoding = 4; lastKnownFileType = sourcecode.c.h; name = "UIWebView+AFNetworking.h"; path = "UIKit+AFNetworking/UIWebView+AFNetworking.h"; sourceTree = "<group>"; };
		F3F386F01C582C4100DF2C31 /* UIWebView+AFNetworking.m */ = {isa = PBXFileReference; fileEncoding = 4; lastKnownFileType = sourcecode.c.objc; name = "UIWebView+AFNetworking.m"; path = "UIKit+AFNetworking/UIWebView+AFNetworking.m"; sourceTree = "<group>"; };
/* End PBXFileReference section */

/* Begin PBXFrameworksBuildPhase section */
		3CC2DA921BE2B7C000916FDD /* Frameworks */ = {
			isa = PBXFrameworksBuildPhase;
			buildActionMask = 2147483647;
			files = (
				CA0C465E5026609983EE619B /* Pods.framework in Frameworks */,
			);
			runOnlyForDeploymentPostprocessing = 0;
		};
/* End PBXFrameworksBuildPhase section */

/* Begin PBXGroup section */
		3CC2DA8C1BE2B7C000916FDD = {
			isa = PBXGroup;
			children = (
				3CC2DA971BE2B7C000916FDD /* Threads */,
				3CC2DA961BE2B7C000916FDD /* Products */,
				DEE43A9B9F833C2776D65B09 /* Pods */,
				85DE13500CEFD0B4D5D1B2F7 /* Frameworks */,
			);
			sourceTree = "<group>";
		};
		3CC2DA961BE2B7C000916FDD /* Products */ = {
			isa = PBXGroup;
			children = (
				3CC2DA951BE2B7C000916FDD /* Comm.app */,
			);
			name = Products;
			sourceTree = "<group>";
		};
		3CC2DA971BE2B7C000916FDD /* Threads */ = {
			isa = PBXGroup;
			children = (
				3CC2DA9C1BE2B7C000916FDD /* Main.storyboard */,
				3CC2DAA11BE2B7C000916FDD /* LaunchScreen.storyboard */,
				8468C2F81C0A4A74001F7FD6 /* PersonData.xcdatamodeld */,
				F3B667A11C1788EB00B05CF5 /* Cells */,
				3CC2DAB01BE2B7FC00916FDD /* Classes */,
				F337E3F81C221EBB00557168 /* Data */,
				F3B667981C1772C900B05CF5 /* Directory */,
				F3B667951C176EDC00B05CF5 /* Supporting Files */,
				3CC2DAB81BE2B85D00916FDD /* System */,
			);
			path = Threads;
			sourceTree = "<group>";
		};
		3CC2DAB01BE2B7FC00916FDD /* Classes */ = {
			isa = PBXGroup;
			children = (
				3CC2DAAA1BE2B7F600916FDD /* Community.swift */,
				3CC2DAB11BE2B80E00916FDD /* Entry.swift */,
				F3C3A59C1C5CE522003FA1F3 /* Member.swift */,
			);
			name = Classes;
			sourceTree = "<group>";
		};
		3CC2DAB81BE2B85D00916FDD /* System */ = {
			isa = PBXGroup;
			children = (
				3CC2DAA41BE2B7C000916FDD /* Info.plist */,
				3CC2DA9F1BE2B7C000916FDD /* Assets.xcassets */,
			);
			name = System;
			sourceTree = "<group>";
		};
		84CC6D0D1C0B06BE008AA59F /* Fonts */ = {
			isa = PBXGroup;
			children = (
				F37EA2AB1C1441A000F522CA /* Comfortaa-Bold.ttf */,
				84CC6D0E1C0B06FE008AA59F /* LatoRegular.ttf */,
			);
			name = Fonts;
			sourceTree = "<group>";
		};
		85DE13500CEFD0B4D5D1B2F7 /* Frameworks */ = {
			isa = PBXGroup;
			children = (
				A40B2CD6BB6C75F7AB60935C /* Pods.framework */,
			);
			name = Frameworks;
			sourceTree = "<group>";
		};
		DEE43A9B9F833C2776D65B09 /* Pods */ = {
			isa = PBXGroup;
			children = (
				1F6D5269A01F9B9516652A70 /* Pods.debug.xcconfig */,
				542734DA7F8138C6B981EC92 /* Pods.release.xcconfig */,
			);
			name = Pods;
			sourceTree = "<group>";
		};
		F337E3F81C221EBB00557168 /* Data */ = {
			isa = PBXGroup;
			children = (
				F337E3F61C221EB300557168 /* EntryData.swift */,
				F337E3F91C2221F300557168 /* CommunityData.swift */,
				F3C3A59A1C5CE510003FA1F3 /* MemberData.swift */,
				F36D1C651C5C180200D0CECD /* NewsData.swift */,
			);
			name = Data;
			sourceTree = "<group>";
		};
		F3B667951C176EDC00B05CF5 /* Supporting Files */ = {
			isa = PBXGroup;
			children = (
				F3F386F21C582C4100DF2C31 /* AFNetworking */,
				3CC2DAD61BE2C2C700916FDD /* ComLogos */,
				3CC2DA981BE2B7C000916FDD /* AppDelegate.swift */,
				F3B667911C176ED600B05CF5 /* Comm-Bridging-Header.h */,
				F3B667921C176ED600B05CF5 /* SWRevealViewController.h */,
				F3B667931C176ED600B05CF5 /* SWRevealViewController.m */,
				F33560561C3E7071002A127E /* SwiftyJSON.swift */,
				F3C10E361C1350E3007A94AA /* images */,
				84CC6D0D1C0B06BE008AA59F /* Fonts */,
			);
			name = "Supporting Files";
			sourceTree = "<group>";
		};
		F3B667981C1772C900B05CF5 /* Directory */ = {
			isa = PBXGroup;
			children = (
				3CC2DAAC1BE2B7F600916FDD /* CommunityDir.swift */,
				3CC2DAB31BE2B80E00916FDD /* EntryDir.swift */,
				F3B667961C1772C300B05CF5 /* MenuDir.swift */,
				F321067F1C1D672E00EFF9F3 /* NewsDir.swift */,
			);
			name = Directory;
			sourceTree = "<group>";
		};
		F3B667A11C1788EB00B05CF5 /* Cells */ = {
			isa = PBXGroup;
			children = (
				3CC2DAAB1BE2B7F600916FDD /* CommunityCell.swift */,
				3CC2DAB21BE2B80E00916FDD /* EntryCell.swift */,
				841045CF1C065A760016F48A /* EntryHeaderCell.swift */,
				F3B667A21C178DCB00B05CF5 /* MenuItemCell.swift */,
				F3B6679F1C17869000B05CF5 /* ProfileCell.swift */,
			);
			name = Cells;
			sourceTree = "<group>";
		};
		F3C10E361C1350E3007A94AA /* images */ = {
			isa = PBXGroup;
			children = (
				F314427F1C3FD05500D4BCC5 /* Bookmarks.png */,
				F39439B71C14529900DA2431 /* WelcomePage.png */,
				F3AE60171C143EB6004E74C8 /* Icon.png */,
				F3C10E4B1C13523A007A94AA /* Back.png */,
				F3C10E4C1C13523A007A94AA /* Bookmark.png */,
				F3C10E4D1C13523A007A94AA /* BookmarkRed.png */,
				F3C10E391C1351FA007A94AA /* AllCommunities.png */,
				F3C10E3B1C1351FA007A94AA /* Control.png */,
				F3C10E3C1C1351FA007A94AA /* Menu.png */,
				F3C10E3D1C1351FA007A94AA /* MyCommunities.png */,
				F3C10E3E1C1351FA007A94AA /* News.png */,
				F3C10E3F1C1351FA007A94AA /* Popular.png */,
				F3C10E401C1351FA007A94AA /* Settings.png */,
				F3C10E411C1351FA007A94AA /* Suggested.png */,
			);
			name = images;
			sourceTree = "<group>";
		};
		F3F386C71C582C4100DF2C31 /* NSURLConnection */ = {
			isa = PBXGroup;
			children = (
				F3F386C11C582C4100DF2C31 /* AFHTTPRequestOperation.h */,
				F3F386C21C582C4100DF2C31 /* AFHTTPRequestOperation.m */,
				F3F386C31C582C4100DF2C31 /* AFHTTPRequestOperationManager.h */,
				F3F386C41C582C4100DF2C31 /* AFHTTPRequestOperationManager.m */,
				F3F386C51C582C4100DF2C31 /* AFURLConnectionOperation.h */,
				F3F386C61C582C4100DF2C31 /* AFURLConnectionOperation.m */,
			);
			name = NSURLConnection;
			sourceTree = "<group>";
		};
		F3F386CC1C582C4100DF2C31 /* NSURLSession */ = {
			isa = PBXGroup;
			children = (
				F3F386C81C582C4100DF2C31 /* AFHTTPSessionManager.h */,
				F3F386C91C582C4100DF2C31 /* AFHTTPSessionManager.m */,
				F3F386CA1C582C4100DF2C31 /* AFURLSessionManager.h */,
				F3F386CB1C582C4100DF2C31 /* AFURLSessionManager.m */,
			);
			name = NSURLSession;
			sourceTree = "<group>";
		};
		F3F386CF1C582C4100DF2C31 /* Reachability */ = {
			isa = PBXGroup;
			children = (
				F3F386CD1C582C4100DF2C31 /* AFNetworkReachabilityManager.h */,
				F3F386CE1C582C4100DF2C31 /* AFNetworkReachabilityManager.m */,
			);
			name = Reachability;
			sourceTree = "<group>";
		};
		F3F386D21C582C4100DF2C31 /* Security */ = {
			isa = PBXGroup;
			children = (
				F3F386D01C582C4100DF2C31 /* AFSecurityPolicy.h */,
				F3F386D11C582C4100DF2C31 /* AFSecurityPolicy.m */,
			);
			name = Security;
			sourceTree = "<group>";
		};
		F3F386D71C582C4100DF2C31 /* Serialization */ = {
			isa = PBXGroup;
			children = (
				F3F386D31C582C4100DF2C31 /* AFURLRequestSerialization.h */,
				F3F386D41C582C4100DF2C31 /* AFURLRequestSerialization.m */,
				F3F386D51C582C4100DF2C31 /* AFURLResponseSerialization.h */,
				F3F386D61C582C4100DF2C31 /* AFURLResponseSerialization.m */,
			);
			name = Serialization;
			sourceTree = "<group>";
		};
		F3F386DE1C582C4100DF2C31 /* Support Files */ = {
			isa = PBXGroup;
			children = (
				F3F386D81C582C4100DF2C31 /* AFNetworking.modulemap */,
				F3F386D91C582C4100DF2C31 /* AFNetworking.xcconfig */,
				F3F386DA1C582C4100DF2C31 /* AFNetworking-dummy.m */,
				F3F386DB1C582C4100DF2C31 /* AFNetworking-prefix.pch */,
				F3F386DC1C582C4100DF2C31 /* AFNetworking-umbrella.h */,
				F3F386DD1C582C4100DF2C31 /* Info.plist */,
			);
			name = "Support Files";
			path = "../Target Support Files/AFNetworking";
			sourceTree = "<group>";
		};
		F3F386F11C582C4100DF2C31 /* UIKit */ = {
			isa = PBXGroup;
			children = (
				F3F386DF1C582C4100DF2C31 /* AFNetworkActivityIndicatorManager.h */,
				F3F386E01C582C4100DF2C31 /* AFNetworkActivityIndicatorManager.m */,
				F3F386E11C582C4100DF2C31 /* UIActivityIndicatorView+AFNetworking.h */,
				F3F386E21C582C4100DF2C31 /* UIActivityIndicatorView+AFNetworking.m */,
				F3F386E31C582C4100DF2C31 /* UIAlertView+AFNetworking.h */,
				F3F386E41C582C4100DF2C31 /* UIAlertView+AFNetworking.m */,
				F3F386E51C582C4100DF2C31 /* UIButton+AFNetworking.h */,
				F3F386E61C582C4100DF2C31 /* UIButton+AFNetworking.m */,
				F3F386E71C582C4100DF2C31 /* UIImage+AFNetworking.h */,
				F3F386E81C582C4100DF2C31 /* UIImageView+AFNetworking.h */,
				F3F386E91C582C4100DF2C31 /* UIImageView+AFNetworking.m */,
				F3F386EA1C582C4100DF2C31 /* UIKit+AFNetworking.h */,
				F3F386EB1C582C4100DF2C31 /* UIProgressView+AFNetworking.h */,
				F3F386EC1C582C4100DF2C31 /* UIProgressView+AFNetworking.m */,
				F3F386ED1C582C4100DF2C31 /* UIRefreshControl+AFNetworking.h */,
				F3F386EE1C582C4100DF2C31 /* UIRefreshControl+AFNetworking.m */,
				F3F386EF1C582C4100DF2C31 /* UIWebView+AFNetworking.h */,
				F3F386F01C582C4100DF2C31 /* UIWebView+AFNetworking.m */,
			);
			name = UIKit;
			sourceTree = "<group>";
		};
		F3F386F21C582C4100DF2C31 /* AFNetworking */ = {
			isa = PBXGroup;
			children = (
				F3F386C01C582C4100DF2C31 /* AFNetworking.h */,
				F3F386C71C582C4100DF2C31 /* NSURLConnection */,
				F3F386CC1C582C4100DF2C31 /* NSURLSession */,
				F3F386CF1C582C4100DF2C31 /* Reachability */,
				F3F386D21C582C4100DF2C31 /* Security */,
				F3F386D71C582C4100DF2C31 /* Serialization */,
				F3F386DE1C582C4100DF2C31 /* Support Files */,
				F3F386F11C582C4100DF2C31 /* UIKit */,
			);
			name = AFNetworking;
			path = ../Pods/AFNetworking;
			sourceTree = "<group>";
		};
/* End PBXGroup section */

/* Begin PBXNativeTarget section */
		3CC2DA941BE2B7C000916FDD /* Comm */ = {
			isa = PBXNativeTarget;
			buildConfigurationList = 3CC2DAA71BE2B7C000916FDD /* Build configuration list for PBXNativeTarget "Comm" */;
			buildPhases = (
				97B7F4BC4E493103EE42CB51 /* Check Pods Manifest.lock */,
				3CC2DA911BE2B7C000916FDD /* Sources */,
				3CC2DA921BE2B7C000916FDD /* Frameworks */,
				3CC2DA931BE2B7C000916FDD /* Resources */,
				33575B36F1A78789F96FEA04 /* Embed Pods Frameworks */,
				D6FF2D66B16C0ADD199F0A44 /* Copy Pods Resources */,
			);
			buildRules = (
			);
			dependencies = (
			);
			name = Comm;
			productName = Threads;
			productReference = 3CC2DA951BE2B7C000916FDD /* Comm.app */;
			productType = "com.apple.product-type.application";
		};
/* End PBXNativeTarget section */

/* Begin PBXProject section */
		3CC2DA8D1BE2B7C000916FDD /* Project object */ = {
			isa = PBXProject;
			attributes = {
				LastSwiftUpdateCheck = 0710;
				LastUpgradeCheck = 0720;
				ORGANIZATIONNAME = "Igor Cova";
				TargetAttributes = {
					3CC2DA941BE2B7C000916FDD = {
						CreatedOnToolsVersion = 7.0.1;
						DevelopmentTeam = 4R2M8FE9U7;
					};
				};
			};
			buildConfigurationList = 3CC2DA901BE2B7C000916FDD /* Build configuration list for PBXProject "Threads" */;
			compatibilityVersion = "Xcode 3.2";
			developmentRegion = English;
			hasScannedForEncodings = 0;
			knownRegions = (
				en,
				Base,
			);
			mainGroup = 3CC2DA8C1BE2B7C000916FDD;
			productRefGroup = 3CC2DA961BE2B7C000916FDD /* Products */;
			projectDirPath = "";
			projectRoot = "";
			targets = (
				3CC2DA941BE2B7C000916FDD /* Comm */,
			);
		};
/* End PBXProject section */

/* Begin PBXResourcesBuildPhase section */
		3CC2DA931BE2B7C000916FDD /* Resources */ = {
			isa = PBXResourcesBuildPhase;
			buildActionMask = 2147483647;
			files = (
				F3AE60181C143EB6004E74C8 /* Icon.png in Resources */,
				F3C10E451C1351FA007A94AA /* Menu.png in Resources */,
				F39439B81C14529900DA2431 /* WelcomePage.png in Resources */,
				F3C10E461C1351FA007A94AA /* MyCommunities.png in Resources */,
				F31006F11C1330A50008DA50 /* ComLogos in Resources */,
				F3C10E471C1351FA007A94AA /* News.png in Resources */,
				3CC2DAA31BE2B7C000916FDD /* LaunchScreen.storyboard in Resources */,
				F3C10E4F1C13523A007A94AA /* Bookmark.png in Resources */,
				F3F386FE1C582C4100DF2C31 /* Info.plist in Resources */,
				F3C10E4A1C1351FA007A94AA /* Suggested.png in Resources */,
				F31442801C3FD05500D4BCC5 /* Bookmarks.png in Resources */,
				3CC2DAA01BE2B7C000916FDD /* Assets.xcassets in Resources */,
				84CC6D0F1C0B06FE008AA59F /* LatoRegular.ttf in Resources */,
				3CC2DA9E1BE2B7C000916FDD /* Main.storyboard in Resources */,
				F37EA2AC1C1441A000F522CA /* Comfortaa-Bold.ttf in Resources */,
				F3C10E481C1351FA007A94AA /* Popular.png in Resources */,
				F3C10E491C1351FA007A94AA /* Settings.png in Resources */,
				F3C10E4E1C13523A007A94AA /* Back.png in Resources */,
				F3C10E421C1351FA007A94AA /* AllCommunities.png in Resources */,
				F3C10E441C1351FA007A94AA /* Control.png in Resources */,
				F3C10E501C13523A007A94AA /* BookmarkRed.png in Resources */,
			);
			runOnlyForDeploymentPostprocessing = 0;
		};
/* End PBXResourcesBuildPhase section */

/* Begin PBXShellScriptBuildPhase section */
		33575B36F1A78789F96FEA04 /* Embed Pods Frameworks */ = {
			isa = PBXShellScriptBuildPhase;
			buildActionMask = 2147483647;
			files = (
			);
			inputPaths = (
			);
			name = "Embed Pods Frameworks";
			outputPaths = (
			);
			runOnlyForDeploymentPostprocessing = 0;
			shellPath = /bin/sh;
			shellScript = "\"${SRCROOT}/Pods/Target Support Files/Pods/Pods-frameworks.sh\"\n";
			showEnvVarsInLog = 0;
		};
		97B7F4BC4E493103EE42CB51 /* Check Pods Manifest.lock */ = {
			isa = PBXShellScriptBuildPhase;
			buildActionMask = 2147483647;
			files = (
			);
			inputPaths = (
			);
			name = "Check Pods Manifest.lock";
			outputPaths = (
			);
			runOnlyForDeploymentPostprocessing = 0;
			shellPath = /bin/sh;
			shellScript = "diff \"${PODS_ROOT}/../Podfile.lock\" \"${PODS_ROOT}/Manifest.lock\" > /dev/null\nif [[ $? != 0 ]] ; then\n    cat << EOM\nerror: The sandbox is not in sync with the Podfile.lock. Run 'pod install' or update your CocoaPods installation.\nEOM\n    exit 1\nfi\n";
			showEnvVarsInLog = 0;
		};
		D6FF2D66B16C0ADD199F0A44 /* Copy Pods Resources */ = {
			isa = PBXShellScriptBuildPhase;
			buildActionMask = 2147483647;
			files = (
			);
			inputPaths = (
			);
			name = "Copy Pods Resources";
			outputPaths = (
			);
			runOnlyForDeploymentPostprocessing = 0;
			shellPath = /bin/sh;
			shellScript = "\"${SRCROOT}/Pods/Target Support Files/Pods/Pods-resources.sh\"\n";
			showEnvVarsInLog = 0;
		};
/* End PBXShellScriptBuildPhase section */

/* Begin PBXSourcesBuildPhase section */
		3CC2DA911BE2B7C000916FDD /* Sources */ = {
			isa = PBXSourcesBuildPhase;
			buildActionMask = 2147483647;
			files = (
				F3F386F31C582C4100DF2C31 /* AFHTTPRequestOperation.m in Sources */,
				F3B667971C1772C300B05CF5 /* MenuDir.swift in Sources */,
				3CC2DAB41BE2B80E00916FDD /* Entry.swift in Sources */,
				3CC2DAAD1BE2B7F600916FDD /* Community.swift in Sources */,
				F3F386F91C582C4100DF2C31 /* AFSecurityPolicy.m in Sources */,
				F3F386F51C582C4100DF2C31 /* AFURLConnectionOperation.m in Sources */,
				F3B667A31C178DCB00B05CF5 /* MenuItemCell.swift in Sources */,
				8468C2FA1C0A4A74001F7FD6 /* PersonData.xcdatamodeld in Sources */,
				3CC2DAB61BE2B80E00916FDD /* EntryDir.swift in Sources */,
				F3F387021C582C4100DF2C31 /* UIButton+AFNetworking.m in Sources */,
				841045D01C065A760016F48A /* EntryHeaderCell.swift in Sources */,
				F3F387031C582C4100DF2C31 /* UIImageView+AFNetworking.m in Sources */,
				3CC2DAAF1BE2B7F600916FDD /* CommunityDir.swift in Sources */,
				F3F387041C582C4100DF2C31 /* UIProgressView+AFNetworking.m in Sources */,
				F3C3A59D1C5CE522003FA1F3 /* Member.swift in Sources */,
				F36D1C661C5C180200D0CECD /* NewsData.swift in Sources */,
				3CC2DAB51BE2B80E00916FDD /* EntryCell.swift in Sources */,
				F3F386FF1C582C4100DF2C31 /* AFNetworkActivityIndicatorManager.m in Sources */,
				F3B667941C176ED600B05CF5 /* SWRevealViewController.m in Sources */,
				F3F387061C582C4100DF2C31 /* UIWebView+AFNetworking.m in Sources */,
				F3F386F61C582C4100DF2C31 /* AFHTTPSessionManager.m in Sources */,
				F337E3F71C221EB300557168 /* EntryData.swift in Sources */,
				F3B667A01C17869000B05CF5 /* ProfileCell.swift in Sources */,
				F3F386F71C582C4100DF2C31 /* AFURLSessionManager.m in Sources */,
				F3F386FA1C582C4100DF2C31 /* AFURLRequestSerialization.m in Sources */,
				F3F386FB1C582C4100DF2C31 /* AFURLResponseSerialization.m in Sources */,
				F3F386F81C582C4100DF2C31 /* AFNetworkReachabilityManager.m in Sources */,
				F3F387051C582C4100DF2C31 /* UIRefreshControl+AFNetworking.m in Sources */,
				3CC2DA991BE2B7C000916FDD /* AppDelegate.swift in Sources */,
				F3F387001C582C4100DF2C31 /* UIActivityIndicatorView+AFNetworking.m in Sources */,
				F337E3FA1C2221F300557168 /* CommunityData.swift in Sources */,
				F3F387011C582C4100DF2C31 /* UIAlertView+AFNetworking.m in Sources */,
				F3C3A59B1C5CE510003FA1F3 /* MemberData.swift in Sources */,
				F33560571C3E7071002A127E /* SwiftyJSON.swift in Sources */,
				3CC2DAAE1BE2B7F600916FDD /* CommunityCell.swift in Sources */,
				F3F386F41C582C4100DF2C31 /* AFHTTPRequestOperationManager.m in Sources */,
				F32106801C1D672E00EFF9F3 /* NewsDir.swift in Sources */,
				F3F386FD1C582C4100DF2C31 /* AFNetworking-dummy.m in Sources */,
			);
			runOnlyForDeploymentPostprocessing = 0;
		};
/* End PBXSourcesBuildPhase section */

/* Begin PBXVariantGroup section */
		3CC2DA9C1BE2B7C000916FDD /* Main.storyboard */ = {
			isa = PBXVariantGroup;
			children = (
				3CC2DA9D1BE2B7C000916FDD /* Base */,
			);
			name = Main.storyboard;
			sourceTree = "<group>";
		};
		3CC2DAA11BE2B7C000916FDD /* LaunchScreen.storyboard */ = {
			isa = PBXVariantGroup;
			children = (
				3CC2DAA21BE2B7C000916FDD /* Base */,
			);
			name = LaunchScreen.storyboard;
			sourceTree = "<group>";
		};
/* End PBXVariantGroup section */

/* Begin XCBuildConfiguration section */
		3CC2DAA51BE2B7C000916FDD /* Debug */ = {
			isa = XCBuildConfiguration;
			baseConfigurationReference = 1F6D5269A01F9B9516652A70 /* Pods.debug.xcconfig */;
			buildSettings = {
				ALWAYS_SEARCH_USER_PATHS = NO;
				CLANG_CXX_LANGUAGE_STANDARD = "gnu++0x";
				CLANG_CXX_LIBRARY = "libc++";
				CLANG_ENABLE_MODULES = YES;
				CLANG_ENABLE_OBJC_ARC = YES;
				CLANG_WARN_BOOL_CONVERSION = YES;
				CLANG_WARN_CONSTANT_CONVERSION = YES;
				CLANG_WARN_DIRECT_OBJC_ISA_USAGE = YES_ERROR;
				CLANG_WARN_EMPTY_BODY = YES;
				CLANG_WARN_ENUM_CONVERSION = YES;
				CLANG_WARN_INT_CONVERSION = YES;
				CLANG_WARN_OBJC_ROOT_CLASS = YES_ERROR;
				CLANG_WARN_UNREACHABLE_CODE = YES;
				CLANG_WARN__DUPLICATE_METHOD_MATCH = YES;
				"CODE_SIGN_IDENTITY[sdk=iphoneos*]" = "iPhone Developer";
				COPY_PHASE_STRIP = NO;
				DEBUG_INFORMATION_FORMAT = dwarf;
				ENABLE_STRICT_OBJC_MSGSEND = YES;
				ENABLE_TESTABILITY = YES;
				GCC_C_LANGUAGE_STANDARD = gnu99;
				GCC_DYNAMIC_NO_PIC = NO;
				GCC_NO_COMMON_BLOCKS = YES;
				GCC_OPTIMIZATION_LEVEL = 0;
				GCC_PREPROCESSOR_DEFINITIONS = (
					"DEBUG=1",
					"$(inherited)",
				);
				GCC_WARN_64_TO_32_BIT_CONVERSION = YES;
				GCC_WARN_ABOUT_RETURN_TYPE = YES_ERROR;
				GCC_WARN_UNDECLARED_SELECTOR = YES;
				GCC_WARN_UNINITIALIZED_AUTOS = YES_AGGRESSIVE;
				GCC_WARN_UNUSED_FUNCTION = YES;
				GCC_WARN_UNUSED_VARIABLE = YES;
				IPHONEOS_DEPLOYMENT_TARGET = 9.0;
				MTL_ENABLE_DEBUG_INFO = YES;
				ONLY_ACTIVE_ARCH = YES;
				SDKROOT = iphoneos;
				SWIFT_OPTIMIZATION_LEVEL = "-Onone";
				TARGETED_DEVICE_FAMILY = "1,2";
			};
			name = Debug;
		};
		3CC2DAA61BE2B7C000916FDD /* Release */ = {
			isa = XCBuildConfiguration;
			baseConfigurationReference = 542734DA7F8138C6B981EC92 /* Pods.release.xcconfig */;
			buildSettings = {
				ALWAYS_SEARCH_USER_PATHS = NO;
				CLANG_CXX_LANGUAGE_STANDARD = "gnu++0x";
				CLANG_CXX_LIBRARY = "libc++";
				CLANG_ENABLE_MODULES = YES;
				CLANG_ENABLE_OBJC_ARC = YES;
				CLANG_WARN_BOOL_CONVERSION = YES;
				CLANG_WARN_CONSTANT_CONVERSION = YES;
				CLANG_WARN_DIRECT_OBJC_ISA_USAGE = YES_ERROR;
				CLANG_WARN_EMPTY_BODY = YES;
				CLANG_WARN_ENUM_CONVERSION = YES;
				CLANG_WARN_INT_CONVERSION = YES;
				CLANG_WARN_OBJC_ROOT_CLASS = YES_ERROR;
				CLANG_WARN_UNREACHABLE_CODE = YES;
				CLANG_WARN__DUPLICATE_METHOD_MATCH = YES;
				"CODE_SIGN_IDENTITY[sdk=iphoneos*]" = "iPhone Developer";
				COPY_PHASE_STRIP = NO;
				DEBUG_INFORMATION_FORMAT = "dwarf-with-dsym";
				ENABLE_NS_ASSERTIONS = NO;
				ENABLE_STRICT_OBJC_MSGSEND = YES;
				GCC_C_LANGUAGE_STANDARD = gnu99;
				GCC_NO_COMMON_BLOCKS = YES;
				GCC_WARN_64_TO_32_BIT_CONVERSION = YES;
				GCC_WARN_ABOUT_RETURN_TYPE = YES_ERROR;
				GCC_WARN_UNDECLARED_SELECTOR = YES;
				GCC_WARN_UNINITIALIZED_AUTOS = YES_AGGRESSIVE;
				GCC_WARN_UNUSED_FUNCTION = YES;
				GCC_WARN_UNUSED_VARIABLE = YES;
				IPHONEOS_DEPLOYMENT_TARGET = 9.0;
				MTL_ENABLE_DEBUG_INFO = NO;
				SDKROOT = iphoneos;
				TARGETED_DEVICE_FAMILY = "1,2";
				VALIDATE_PRODUCT = YES;
			};
			name = Release;
		};
		3CC2DAA81BE2B7C000916FDD /* Debug */ = {
			isa = XCBuildConfiguration;
			baseConfigurationReference = 1F6D5269A01F9B9516652A70 /* Pods.debug.xcconfig */;
			buildSettings = {
				ASSETCATALOG_COMPILER_APPICON_NAME = iPhone;
				CLANG_ENABLE_MODULES = YES;
				CODE_SIGN_IDENTITY = "iPhone Developer";
				"CODE_SIGN_IDENTITY[sdk=iphoneos*]" = "iPhone Developer";
				INFOPLIST_FILE = Threads/Info.plist;
				LD_RUNPATH_SEARCH_PATHS = "$(inherited) @executable_path/Frameworks";
				PRODUCT_BUNDLE_IDENTIFIER = Tectonics.Threads;
				PRODUCT_NAME = "$(TARGET_NAME)";
				PROVISIONING_PROFILE = "";
				SWIFT_OBJC_BRIDGING_HEADER = "Threads/Comm-Bridging-Header.h";
				SWIFT_OPTIMIZATION_LEVEL = "-Onone";
				TARGETED_DEVICE_FAMILY = 1;
			};
			name = Debug;
		};
		3CC2DAA91BE2B7C000916FDD /* Release */ = {
			isa = XCBuildConfiguration;
			baseConfigurationReference = 542734DA7F8138C6B981EC92 /* Pods.release.xcconfig */;
			buildSettings = {
				ASSETCATALOG_COMPILER_APPICON_NAME = iPhone;
				CLANG_ENABLE_MODULES = YES;
				CODE_SIGN_IDENTITY = "iPhone Developer";
				"CODE_SIGN_IDENTITY[sdk=iphoneos*]" = "iPhone Developer";
				INFOPLIST_FILE = Threads/Info.plist;
				LD_RUNPATH_SEARCH_PATHS = "$(inherited) @executable_path/Frameworks";
				PRODUCT_BUNDLE_IDENTIFIER = Tectonics.Threads;
				PRODUCT_NAME = "$(TARGET_NAME)";
				PROVISIONING_PROFILE = "";
				SWIFT_OBJC_BRIDGING_HEADER = "Threads/Comm-Bridging-Header.h";
				TARGETED_DEVICE_FAMILY = 1;
			};
			name = Release;
		};
/* End XCBuildConfiguration section */

/* Begin XCConfigurationList section */
		3CC2DA901BE2B7C000916FDD /* Build configuration list for PBXProject "Threads" */ = {
			isa = XCConfigurationList;
			buildConfigurations = (
				3CC2DAA51BE2B7C000916FDD /* Debug */,
				3CC2DAA61BE2B7C000916FDD /* Release */,
			);
			defaultConfigurationIsVisible = 0;
			defaultConfigurationName = Release;
		};
		3CC2DAA71BE2B7C000916FDD /* Build configuration list for PBXNativeTarget "Comm" */ = {
			isa = XCConfigurationList;
			buildConfigurations = (
				3CC2DAA81BE2B7C000916FDD /* Debug */,
				3CC2DAA91BE2B7C000916FDD /* Release */,
			);
			defaultConfigurationIsVisible = 0;
			defaultConfigurationName = Release;
		};
/* End XCConfigurationList section */

/* Begin XCVersionGroup section */
		8468C2F81C0A4A74001F7FD6 /* PersonData.xcdatamodeld */ = {
			isa = XCVersionGroup;
			children = (
				8468C2F91C0A4A74001F7FD6 /* PersonData.xcdatamodel */,
			);
			currentVersion = 8468C2F91C0A4A74001F7FD6 /* PersonData.xcdatamodel */;
			path = PersonData.xcdatamodeld;
			sourceTree = "<group>";
			versionGroupType = wrapper.xcdatamodel;
		};
/* End XCVersionGroup section */
	};
	rootObject = 3CC2DA8D1BE2B7C000916FDD /* Project object */;
}
