// !$*UTF8*$!
{
	archiveVersion = 1;
	classes = {
	};
	objectVersion = 46;
	objects = {

/* Begin PBXBuildFile section */
		3CC2DA991BE2B7C000916FDD /* AppDelegate.swift in Sources */ = {isa = PBXBuildFile; fileRef = 3CC2DA981BE2B7C000916FDD /* AppDelegate.swift */; };
		3CC2DA9E1BE2B7C000916FDD /* Main.storyboard in Resources */ = {isa = PBXBuildFile; fileRef = 3CC2DA9C1BE2B7C000916FDD /* Main.storyboard */; };
		3CC2DAA01BE2B7C000916FDD /* Assets.xcassets in Resources */ = {isa = PBXBuildFile; fileRef = 3CC2DA9F1BE2B7C000916FDD /* Assets.xcassets */; };
		3CC2DAA31BE2B7C000916FDD /* LaunchScreen.storyboard in Resources */ = {isa = PBXBuildFile; fileRef = 3CC2DAA11BE2B7C000916FDD /* LaunchScreen.storyboard */; };
		3CC2DAAD1BE2B7F600916FDD /* Community.swift in Sources */ = {isa = PBXBuildFile; fileRef = 3CC2DAAA1BE2B7F600916FDD /* Community.swift */; };
		3CC2DAAE1BE2B7F600916FDD /* CommunityCell.swift in Sources */ = {isa = PBXBuildFile; fileRef = 3CC2DAAB1BE2B7F600916FDD /* CommunityCell.swift */; };
		3CC2DAAF1BE2B7F600916FDD /* CommunityDir.swift in Sources */ = {isa = PBXBuildFile; fileRef = 3CC2DAAC1BE2B7F600916FDD /* CommunityDir.swift */; };
		3CC2DAB41BE2B80E00916FDD /* Entry.swift in Sources */ = {isa = PBXBuildFile; fileRef = 3CC2DAB11BE2B80E00916FDD /* Entry.swift */; };
		3CC2DAB51BE2B80E00916FDD /* EntryCell.swift in Sources */ = {isa = PBXBuildFile; fileRef = 3CC2DAB21BE2B80E00916FDD /* EntryCell.swift */; };
		3CC2DAB61BE2B80E00916FDD /* EntryDir.swift in Sources */ = {isa = PBXBuildFile; fileRef = 3CC2DAB31BE2B80E00916FDD /* EntryDir.swift */; };
		841045D01C065A760016F48A /* EntryHeaderCell.swift in Sources */ = {isa = PBXBuildFile; fileRef = 841045CF1C065A760016F48A /* EntryHeaderCell.swift */; };
		CA0C465E5026609983EE619B /* Pods.framework in Frameworks */ = {isa = PBXBuildFile; fileRef = A40B2CD6BB6C75F7AB60935C /* Pods.framework */; };
		F31006F11C1330A50008DA50 /* ComLogos in Resources */ = {isa = PBXBuildFile; fileRef = 3CC2DAD61BE2C2C700916FDD /* ComLogos */; };
		F32106801C1D672E00EFF9F3 /* NewsDir.swift in Sources */ = {isa = PBXBuildFile; fileRef = F321067F1C1D672E00EFF9F3 /* NewsDir.swift */; };
		F32446EA1C6F57A4005DF9FA /* Session.swift in Sources */ = {isa = PBXBuildFile; fileRef = F32446E91C6F57A4005DF9FA /* Session.swift */; };
		F32446EC1C6F584D005DF9FA /* SessionData.swift in Sources */ = {isa = PBXBuildFile; fileRef = F32446EB1C6F584D005DF9FA /* SessionData.swift */; };
		F32446EE1C6F5A6B005DF9FA /* SessionReqCard.swift in Sources */ = {isa = PBXBuildFile; fileRef = F32446ED1C6F5A6B005DF9FA /* SessionReqCard.swift */; };
		F32446F01C6F5B6B005DF9FA /* StartCard.swift in Sources */ = {isa = PBXBuildFile; fileRef = F32446EF1C6F5B6B005DF9FA /* StartCard.swift */; };
		F32446F41C6F5D6B005DF9FA /* startPage.png in Resources */ = {isa = PBXBuildFile; fileRef = F32446F31C6F5D6B005DF9FA /* startPage.png */; };
		F33560571C3E7071002A127E /* SwiftyJSON.swift in Sources */ = {isa = PBXBuildFile; fileRef = F33560561C3E7071002A127E /* SwiftyJSON.swift */; };
		F337E3F71C221EB300557168 /* EntryData.swift in Sources */ = {isa = PBXBuildFile; fileRef = F337E3F61C221EB300557168 /* EntryData.swift */; };
		F337E3FA1C2221F300557168 /* CommunityData.swift in Sources */ = {isa = PBXBuildFile; fileRef = F337E3F91C2221F300557168 /* CommunityData.swift */; };
		F34428CC1C78E6810033EA77 /* WelcomeCard.swift in Sources */ = {isa = PBXBuildFile; fileRef = F34428CB1C78E6810033EA77 /* WelcomeCard.swift */; };
		F35133561C7915140034E23A /* Log+CoreDataProperties.swift in Sources */ = {isa = PBXBuildFile; fileRef = F35133541C7915140034E23A /* Log+CoreDataProperties.swift */; };
		F35133571C7915140034E23A /* Log.swift in Sources */ = {isa = PBXBuildFile; fileRef = F35133551C7915140034E23A /* Log.swift */; };
		F36D1C661C5C180200D0CECD /* NewsData.swift in Sources */ = {isa = PBXBuildFile; fileRef = F36D1C651C5C180200D0CECD /* NewsData.swift */; };
		F37EA2AC1C1441A000F522CA /* Comfortaa-Bold.ttf in Resources */ = {isa = PBXBuildFile; fileRef = F37EA2AB1C1441A000F522CA /* Comfortaa-Bold.ttf */; };
		F3850DC71C7A090100679F68 /* bg.png in Resources */ = {isa = PBXBuildFile; fileRef = F3850DC61C7A090100679F68 /* bg.png */; };
		F3850DC91C7A09BF00679F68 /* logo.png in Resources */ = {isa = PBXBuildFile; fileRef = F3850DC81C7A09BF00679F68 /* logo.png */; };
		F3A16AF11C5FE63300576F59 /* EntrySaver.swift in Sources */ = {isa = PBXBuildFile; fileRef = F3A16AF01C5FE63300576F59 /* EntrySaver.swift */; };
		F3A2420E1C6624D5006DF860 /* welcomePage.png in Resources */ = {isa = PBXBuildFile; fileRef = F3A2420D1C6624D5006DF860 /* welcomePage.png */; };
		F3AC61901C6F8363006476C2 /* CountryDict.swift in Sources */ = {isa = PBXBuildFile; fileRef = F3AC618F1C6F8363006476C2 /* CountryDict.swift */; };
		F3AC61921C6F8BBF006476C2 /* CountryData.swift in Sources */ = {isa = PBXBuildFile; fileRef = F3AC61911C6F8BBF006476C2 /* CountryData.swift */; };
		F3AC61941C6F8F02006476C2 /* Country.swift in Sources */ = {isa = PBXBuildFile; fileRef = F3AC61931C6F8F02006476C2 /* Country.swift */; };
		F3AC61961C6F921A006476C2 /* CountryCell.swift in Sources */ = {isa = PBXBuildFile; fileRef = F3AC61951C6F921A006476C2 /* CountryCell.swift */; };
		F3AC61981C6FA473006476C2 /* set.png in Resources */ = {isa = PBXBuildFile; fileRef = F3AC61971C6FA473006476C2 /* set.png */; };
		F3AE60181C143EB6004E74C8 /* Icon.png in Resources */ = {isa = PBXBuildFile; fileRef = F3AE60171C143EB6004E74C8 /* Icon.png */; };
		F3B667941C176ED600B05CF5 /* SWRevealViewController.m in Sources */ = {isa = PBXBuildFile; fileRef = F3B667931C176ED600B05CF5 /* SWRevealViewController.m */; };
		F3B667971C1772C300B05CF5 /* MenuDir.swift in Sources */ = {isa = PBXBuildFile; fileRef = F3B667961C1772C300B05CF5 /* MenuDir.swift */; };
		F3B667A01C17869000B05CF5 /* ProfileCell.swift in Sources */ = {isa = PBXBuildFile; fileRef = F3B6679F1C17869000B05CF5 /* ProfileCell.swift */; };
		F3B667A31C178DCB00B05CF5 /* MenuItemCell.swift in Sources */ = {isa = PBXBuildFile; fileRef = F3B667A21C178DCB00B05CF5 /* MenuItemCell.swift */; };
		F3C10E451C1351FA007A94AA /* menu.png in Resources */ = {isa = PBXBuildFile; fileRef = F3C10E3C1C1351FA007A94AA /* menu.png */; };
		F3C10E461C1351FA007A94AA /* communities.png in Resources */ = {isa = PBXBuildFile; fileRef = F3C10E3D1C1351FA007A94AA /* communities.png */; };
		F3C10E471C1351FA007A94AA /* news.png in Resources */ = {isa = PBXBuildFile; fileRef = F3C10E3E1C1351FA007A94AA /* news.png */; };
		F3C10E481C1351FA007A94AA /* popular.png in Resources */ = {isa = PBXBuildFile; fileRef = F3C10E3F1C1351FA007A94AA /* popular.png */; };
		F3C10E491C1351FA007A94AA /* settings.png in Resources */ = {isa = PBXBuildFile; fileRef = F3C10E401C1351FA007A94AA /* settings.png */; };
		F3C10E4A1C1351FA007A94AA /* suggested.png in Resources */ = {isa = PBXBuildFile; fileRef = F3C10E411C1351FA007A94AA /* suggested.png */; };
		F3C10E4E1C13523A007A94AA /* back.png in Resources */ = {isa = PBXBuildFile; fileRef = F3C10E4B1C13523A007A94AA /* back.png */; };
		F3C10E4F1C13523A007A94AA /* bookmark.png in Resources */ = {isa = PBXBuildFile; fileRef = F3C10E4C1C13523A007A94AA /* bookmark.png */; };
		F3C10E501C13523A007A94AA /* bookmarkSet.png in Resources */ = {isa = PBXBuildFile; fileRef = F3C10E4D1C13523A007A94AA /* bookmarkSet.png */; };
		F3C3A59B1C5CE510003FA1F3 /* MemberData.swift in Sources */ = {isa = PBXBuildFile; fileRef = F3C3A59A1C5CE510003FA1F3 /* MemberData.swift */; };
		F3C3A59D1C5CE522003FA1F3 /* Member.swift in Sources */ = {isa = PBXBuildFile; fileRef = F3C3A59C1C5CE522003FA1F3 /* Member.swift */; };
		F3D03C3B1C6FD8670066610E /* SessionCard.swift in Sources */ = {isa = PBXBuildFile; fileRef = F3D03C3A1C6FD8670066610E /* SessionCard.swift */; };
		F3D102F41C6D0885001F0FA1 /* ProfileCard.swift in Sources */ = {isa = PBXBuildFile; fileRef = F3D102F31C6D0885001F0FA1 /* ProfileCard.swift */; };
		F3D102F81C6D1C85001F0FA1 /* edit.png in Resources */ = {isa = PBXBuildFile; fileRef = F3D102F61C6D1C85001F0FA1 /* edit.png */; };
		F3D102F91C6D1C85001F0FA1 /* save.png in Resources */ = {isa = PBXBuildFile; fileRef = F3D102F71C6D1C85001F0FA1 /* save.png */; };
		F3D102FB1C6D28F8001F0FA1 /* ProfileCardEdit.swift in Sources */ = {isa = PBXBuildFile; fileRef = F3D102FA1C6D28F8001F0FA1 /* ProfileCardEdit.swift */; };
		F3D257A31C712CE2002A70CC /* CoreDataModel.xcdatamodeld in Sources */ = {isa = PBXBuildFile; fileRef = F3D257A11C712CE2002A70CC /* CoreDataModel.xcdatamodeld */; };
		F3FEDB561C65EA2C00B09B97 /* contacts.png in Resources */ = {isa = PBXBuildFile; fileRef = F3FEDB551C65EA2C00B09B97 /* contacts.png */; };
		F3FEDB581C65EA5000B09B97 /* bookmarks.png in Resources */ = {isa = PBXBuildFile; fileRef = F3FEDB571C65EA5000B09B97 /* bookmarks.png */; };
		F3FEDB611C65EF6500B09B97 /* bookmarksSet.png in Resources */ = {isa = PBXBuildFile; fileRef = F3FEDB5A1C65EF6500B09B97 /* bookmarksSet.png */; };
		F3FEDB621C65EF6500B09B97 /* communitiesSet.png in Resources */ = {isa = PBXBuildFile; fileRef = F3FEDB5B1C65EF6500B09B97 /* communitiesSet.png */; };
		F3FEDB631C65EF6500B09B97 /* contactsSet.png in Resources */ = {isa = PBXBuildFile; fileRef = F3FEDB5C1C65EF6500B09B97 /* contactsSet.png */; };
		F3FEDB641C65EF6500B09B97 /* newsSet.png in Resources */ = {isa = PBXBuildFile; fileRef = F3FEDB5D1C65EF6500B09B97 /* newsSet.png */; };
		F3FEDB651C65EF6500B09B97 /* popularSet.png in Resources */ = {isa = PBXBuildFile; fileRef = F3FEDB5E1C65EF6500B09B97 /* popularSet.png */; };
		F3FEDB661C65EF6500B09B97 /* settingsSet.png in Resources */ = {isa = PBXBuildFile; fileRef = F3FEDB5F1C65EF6500B09B97 /* settingsSet.png */; };
		F3FEDB671C65EF6500B09B97 /* suggestedSet.png in Resources */ = {isa = PBXBuildFile; fileRef = F3FEDB601C65EF6500B09B97 /* suggestedSet.png */; };
/* End PBXBuildFile section */

/* Begin PBXFileReference section */
		1F6D5269A01F9B9516652A70 /* Pods.debug.xcconfig */ = {isa = PBXFileReference; includeInIndex = 1; lastKnownFileType = text.xcconfig; name = Pods.debug.xcconfig; path = "Pods/Target Support Files/Pods/Pods.debug.xcconfig"; sourceTree = "<group>"; };
		3CC2DA951BE2B7C000916FDD /* Comm.app */ = {isa = PBXFileReference; explicitFileType = wrapper.application; includeInIndex = 0; path = Comm.app; sourceTree = BUILT_PRODUCTS_DIR; };
		3CC2DA981BE2B7C000916FDD /* AppDelegate.swift */ = {isa = PBXFileReference; lastKnownFileType = sourcecode.swift; path = AppDelegate.swift; sourceTree = "<group>"; };
		3CC2DA9D1BE2B7C000916FDD /* Base */ = {isa = PBXFileReference; lastKnownFileType = file.storyboard; name = Base; path = Base.lproj/Main.storyboard; sourceTree = "<group>"; };
		3CC2DA9F1BE2B7C000916FDD /* Assets.xcassets */ = {isa = PBXFileReference; lastKnownFileType = folder.assetcatalog; path = Assets.xcassets; sourceTree = "<group>"; };
		3CC2DAA21BE2B7C000916FDD /* Base */ = {isa = PBXFileReference; lastKnownFileType = file.storyboard; name = Base; path = Base.lproj/LaunchScreen.storyboard; sourceTree = "<group>"; };
		3CC2DAA41BE2B7C000916FDD /* Info.plist */ = {isa = PBXFileReference; lastKnownFileType = text.plist.xml; path = Info.plist; sourceTree = "<group>"; };
		3CC2DAAA1BE2B7F600916FDD /* Community.swift */ = {isa = PBXFileReference; fileEncoding = 4; lastKnownFileType = sourcecode.swift; path = Community.swift; sourceTree = "<group>"; };
		3CC2DAAB1BE2B7F600916FDD /* CommunityCell.swift */ = {isa = PBXFileReference; fileEncoding = 4; lastKnownFileType = sourcecode.swift; path = CommunityCell.swift; sourceTree = "<group>"; };
		3CC2DAAC1BE2B7F600916FDD /* CommunityDir.swift */ = {isa = PBXFileReference; fileEncoding = 4; lastKnownFileType = sourcecode.swift; path = CommunityDir.swift; sourceTree = "<group>"; };
		3CC2DAB11BE2B80E00916FDD /* Entry.swift */ = {isa = PBXFileReference; fileEncoding = 4; lastKnownFileType = sourcecode.swift; path = Entry.swift; sourceTree = "<group>"; };
		3CC2DAB21BE2B80E00916FDD /* EntryCell.swift */ = {isa = PBXFileReference; fileEncoding = 4; lastKnownFileType = sourcecode.swift; path = EntryCell.swift; sourceTree = "<group>"; };
		3CC2DAB31BE2B80E00916FDD /* EntryDir.swift */ = {isa = PBXFileReference; fileEncoding = 4; lastKnownFileType = sourcecode.swift; path = EntryDir.swift; sourceTree = "<group>"; };
		3CC2DAD61BE2C2C700916FDD /* ComLogos */ = {isa = PBXFileReference; lastKnownFileType = folder; path = ComLogos; sourceTree = "<group>"; };
		542734DA7F8138C6B981EC92 /* Pods.release.xcconfig */ = {isa = PBXFileReference; includeInIndex = 1; lastKnownFileType = text.xcconfig; name = Pods.release.xcconfig; path = "Pods/Target Support Files/Pods/Pods.release.xcconfig"; sourceTree = "<group>"; };
		841045CF1C065A760016F48A /* EntryHeaderCell.swift */ = {isa = PBXFileReference; fileEncoding = 4; lastKnownFileType = sourcecode.swift; path = EntryHeaderCell.swift; sourceTree = "<group>"; };
		A40B2CD6BB6C75F7AB60935C /* Pods.framework */ = {isa = PBXFileReference; explicitFileType = wrapper.framework; includeInIndex = 0; path = Pods.framework; sourceTree = BUILT_PRODUCTS_DIR; };
		F321067F1C1D672E00EFF9F3 /* NewsDir.swift */ = {isa = PBXFileReference; fileEncoding = 4; lastKnownFileType = sourcecode.swift; path = NewsDir.swift; sourceTree = "<group>"; };
		F32446E91C6F57A4005DF9FA /* Session.swift */ = {isa = PBXFileReference; fileEncoding = 4; lastKnownFileType = sourcecode.swift; path = Session.swift; sourceTree = "<group>"; };
		F32446EB1C6F584D005DF9FA /* SessionData.swift */ = {isa = PBXFileReference; fileEncoding = 4; lastKnownFileType = sourcecode.swift; path = SessionData.swift; sourceTree = "<group>"; };
		F32446ED1C6F5A6B005DF9FA /* SessionReqCard.swift */ = {isa = PBXFileReference; fileEncoding = 4; lastKnownFileType = sourcecode.swift; path = SessionReqCard.swift; sourceTree = "<group>"; };
		F32446EF1C6F5B6B005DF9FA /* StartCard.swift */ = {isa = PBXFileReference; fileEncoding = 4; lastKnownFileType = sourcecode.swift; path = StartCard.swift; sourceTree = "<group>"; };
		F32446F31C6F5D6B005DF9FA /* startPage.png */ = {isa = PBXFileReference; lastKnownFileType = image.png; path = startPage.png; sourceTree = "<group>"; };
		F33560561C3E7071002A127E /* SwiftyJSON.swift */ = {isa = PBXFileReference; fileEncoding = 4; lastKnownFileType = sourcecode.swift; path = SwiftyJSON.swift; sourceTree = "<group>"; };
		F337E3F61C221EB300557168 /* EntryData.swift */ = {isa = PBXFileReference; fileEncoding = 4; lastKnownFileType = sourcecode.swift; path = EntryData.swift; sourceTree = "<group>"; };
		F337E3F91C2221F300557168 /* CommunityData.swift */ = {isa = PBXFileReference; fileEncoding = 4; lastKnownFileType = sourcecode.swift; path = CommunityData.swift; sourceTree = "<group>"; };
		F34428CB1C78E6810033EA77 /* WelcomeCard.swift */ = {isa = PBXFileReference; fileEncoding = 4; lastKnownFileType = sourcecode.swift; path = WelcomeCard.swift; sourceTree = "<group>"; };
		F35133541C7915140034E23A /* Log+CoreDataProperties.swift */ = {isa = PBXFileReference; fileEncoding = 4; lastKnownFileType = sourcecode.swift; path = "Log+CoreDataProperties.swift"; sourceTree = "<group>"; };
		F35133551C7915140034E23A /* Log.swift */ = {isa = PBXFileReference; fileEncoding = 4; lastKnownFileType = sourcecode.swift; path = Log.swift; sourceTree = "<group>"; };
		F36D1C651C5C180200D0CECD /* NewsData.swift */ = {isa = PBXFileReference; fileEncoding = 4; lastKnownFileType = sourcecode.swift; path = NewsData.swift; sourceTree = "<group>"; };
		F37EA2AB1C1441A000F522CA /* Comfortaa-Bold.ttf */ = {isa = PBXFileReference; lastKnownFileType = file; path = "Comfortaa-Bold.ttf"; sourceTree = "<group>"; };
		F3850DC61C7A090100679F68 /* bg.png */ = {isa = PBXFileReference; lastKnownFileType = image.png; path = bg.png; sourceTree = "<group>"; };
		F3850DC81C7A09BF00679F68 /* logo.png */ = {isa = PBXFileReference; lastKnownFileType = image.png; path = logo.png; sourceTree = "<group>"; };
		F3A16AF01C5FE63300576F59 /* EntrySaver.swift */ = {isa = PBXFileReference; fileEncoding = 4; lastKnownFileType = sourcecode.swift; path = EntrySaver.swift; sourceTree = "<group>"; };
		F3A2420D1C6624D5006DF860 /* welcomePage.png */ = {isa = PBXFileReference; lastKnownFileType = image.png; path = welcomePage.png; sourceTree = "<group>"; };
		F3AC618F1C6F8363006476C2 /* CountryDict.swift */ = {isa = PBXFileReference; fileEncoding = 4; lastKnownFileType = sourcecode.swift; path = CountryDict.swift; sourceTree = "<group>"; };
		F3AC61911C6F8BBF006476C2 /* CountryData.swift */ = {isa = PBXFileReference; fileEncoding = 4; lastKnownFileType = sourcecode.swift; path = CountryData.swift; sourceTree = "<group>"; };
		F3AC61931C6F8F02006476C2 /* Country.swift */ = {isa = PBXFileReference; fileEncoding = 4; lastKnownFileType = sourcecode.swift; path = Country.swift; sourceTree = "<group>"; };
		F3AC61951C6F921A006476C2 /* CountryCell.swift */ = {isa = PBXFileReference; fileEncoding = 4; lastKnownFileType = sourcecode.swift; path = CountryCell.swift; sourceTree = "<group>"; };
		F3AC61971C6FA473006476C2 /* set.png */ = {isa = PBXFileReference; lastKnownFileType = image.png; path = set.png; sourceTree = "<group>"; };
		F3AE60171C143EB6004E74C8 /* Icon.png */ = {isa = PBXFileReference; lastKnownFileType = image.png; path = Icon.png; sourceTree = "<group>"; };
		F3B667911C176ED600B05CF5 /* Comm-Bridging-Header.h */ = {isa = PBXFileReference; lastKnownFileType = sourcecode.c.h; path = "Comm-Bridging-Header.h"; sourceTree = "<group>"; };
		F3B667921C176ED600B05CF5 /* SWRevealViewController.h */ = {isa = PBXFileReference; fileEncoding = 4; lastKnownFileType = sourcecode.c.h; path = SWRevealViewController.h; sourceTree = "<group>"; };
		F3B667931C176ED600B05CF5 /* SWRevealViewController.m */ = {isa = PBXFileReference; fileEncoding = 4; lastKnownFileType = sourcecode.c.objc; path = SWRevealViewController.m; sourceTree = "<group>"; };
		F3B667961C1772C300B05CF5 /* MenuDir.swift */ = {isa = PBXFileReference; fileEncoding = 4; lastKnownFileType = sourcecode.swift; path = MenuDir.swift; sourceTree = "<group>"; };
		F3B6679F1C17869000B05CF5 /* ProfileCell.swift */ = {isa = PBXFileReference; fileEncoding = 4; lastKnownFileType = sourcecode.swift; path = ProfileCell.swift; sourceTree = "<group>"; };
		F3B667A21C178DCB00B05CF5 /* MenuItemCell.swift */ = {isa = PBXFileReference; fileEncoding = 4; lastKnownFileType = sourcecode.swift; path = MenuItemCell.swift; sourceTree = "<group>"; };
		F3C10E3C1C1351FA007A94AA /* menu.png */ = {isa = PBXFileReference; lastKnownFileType = image.png; path = menu.png; sourceTree = "<group>"; };
		F3C10E3D1C1351FA007A94AA /* communities.png */ = {isa = PBXFileReference; lastKnownFileType = image.png; path = communities.png; sourceTree = "<group>"; };
		F3C10E3E1C1351FA007A94AA /* news.png */ = {isa = PBXFileReference; lastKnownFileType = image.png; path = news.png; sourceTree = "<group>"; };
		F3C10E3F1C1351FA007A94AA /* popular.png */ = {isa = PBXFileReference; lastKnownFileType = image.png; path = popular.png; sourceTree = "<group>"; };
		F3C10E401C1351FA007A94AA /* settings.png */ = {isa = PBXFileReference; lastKnownFileType = image.png; path = settings.png; sourceTree = "<group>"; };
		F3C10E411C1351FA007A94AA /* suggested.png */ = {isa = PBXFileReference; lastKnownFileType = image.png; path = suggested.png; sourceTree = "<group>"; };
		F3C10E4B1C13523A007A94AA /* back.png */ = {isa = PBXFileReference; lastKnownFileType = image.png; path = back.png; sourceTree = "<group>"; };
		F3C10E4C1C13523A007A94AA /* bookmark.png */ = {isa = PBXFileReference; lastKnownFileType = image.png; path = bookmark.png; sourceTree = "<group>"; };
		F3C10E4D1C13523A007A94AA /* bookmarkSet.png */ = {isa = PBXFileReference; lastKnownFileType = image.png; path = bookmarkSet.png; sourceTree = "<group>"; };
		F3C3A59A1C5CE510003FA1F3 /* MemberData.swift */ = {isa = PBXFileReference; fileEncoding = 4; lastKnownFileType = sourcecode.swift; path = MemberData.swift; sourceTree = "<group>"; };
		F3C3A59C1C5CE522003FA1F3 /* Member.swift */ = {isa = PBXFileReference; fileEncoding = 4; lastKnownFileType = sourcecode.swift; path = Member.swift; sourceTree = "<group>"; };
		F3D03C3A1C6FD8670066610E /* SessionCard.swift */ = {isa = PBXFileReference; fileEncoding = 4; lastKnownFileType = sourcecode.swift; path = SessionCard.swift; sourceTree = "<group>"; };
		F3D102F31C6D0885001F0FA1 /* ProfileCard.swift */ = {isa = PBXFileReference; fileEncoding = 4; lastKnownFileType = sourcecode.swift; path = ProfileCard.swift; sourceTree = "<group>"; };
		F3D102F61C6D1C85001F0FA1 /* edit.png */ = {isa = PBXFileReference; lastKnownFileType = image.png; path = edit.png; sourceTree = "<group>"; };
		F3D102F71C6D1C85001F0FA1 /* save.png */ = {isa = PBXFileReference; lastKnownFileType = image.png; path = save.png; sourceTree = "<group>"; };
		F3D102FA1C6D28F8001F0FA1 /* ProfileCardEdit.swift */ = {isa = PBXFileReference; fileEncoding = 4; lastKnownFileType = sourcecode.swift; path = ProfileCardEdit.swift; sourceTree = "<group>"; };
		F3D257A21C712CE2002A70CC /* CoreDataModel.xcdatamodel */ = {isa = PBXFileReference; lastKnownFileType = wrapper.xcdatamodel; path = CoreDataModel.xcdatamodel; sourceTree = "<group>"; };
		F3FEDB431C65E83000B09B97 /* SFUIDisplay-Regular.otf */ = {isa = PBXFileReference; lastKnownFileType = file; path = "SFUIDisplay-Regular.otf"; sourceTree = "<group>"; };
		F3FEDB441C65E83800B09B97 /* SFUIDisplay-Light.otf */ = {isa = PBXFileReference; lastKnownFileType = file; path = "SFUIDisplay-Light.otf"; sourceTree = "<group>"; };
		F3FEDB451C65E85000B09B97 /* SFUIText-Light.otf */ = {isa = PBXFileReference; lastKnownFileType = file; path = "SFUIText-Light.otf"; sourceTree = "<group>"; };
		F3FEDB461C65E85600B09B97 /* SFUIText-Regular.otf */ = {isa = PBXFileReference; lastKnownFileType = file; path = "SFUIText-Regular.otf"; sourceTree = "<group>"; };
		F3FEDB551C65EA2C00B09B97 /* contacts.png */ = {isa = PBXFileReference; lastKnownFileType = image.png; path = contacts.png; sourceTree = "<group>"; };
		F3FEDB571C65EA5000B09B97 /* bookmarks.png */ = {isa = PBXFileReference; lastKnownFileType = image.png; path = bookmarks.png; sourceTree = "<group>"; };
		F3FEDB5A1C65EF6500B09B97 /* bookmarksSet.png */ = {isa = PBXFileReference; lastKnownFileType = image.png; path = bookmarksSet.png; sourceTree = "<group>"; };
		F3FEDB5B1C65EF6500B09B97 /* communitiesSet.png */ = {isa = PBXFileReference; lastKnownFileType = image.png; path = communitiesSet.png; sourceTree = "<group>"; };
		F3FEDB5C1C65EF6500B09B97 /* contactsSet.png */ = {isa = PBXFileReference; lastKnownFileType = image.png; path = contactsSet.png; sourceTree = "<group>"; };
		F3FEDB5D1C65EF6500B09B97 /* newsSet.png */ = {isa = PBXFileReference; lastKnownFileType = image.png; path = newsSet.png; sourceTree = "<group>"; };
		F3FEDB5E1C65EF6500B09B97 /* popularSet.png */ = {isa = PBXFileReference; lastKnownFileType = image.png; path = popularSet.png; sourceTree = "<group>"; };
		F3FEDB5F1C65EF6500B09B97 /* settingsSet.png */ = {isa = PBXFileReference; lastKnownFileType = image.png; path = settingsSet.png; sourceTree = "<group>"; };
		F3FEDB601C65EF6500B09B97 /* suggestedSet.png */ = {isa = PBXFileReference; lastKnownFileType = image.png; path = suggestedSet.png; sourceTree = "<group>"; };
/* End PBXFileReference section */

/* Begin PBXFrameworksBuildPhase section */
		3CC2DA921BE2B7C000916FDD /* Frameworks */ = {
			isa = PBXFrameworksBuildPhase;
			buildActionMask = 2147483647;
			files = (
				CA0C465E5026609983EE619B /* Pods.framework in Frameworks */,
			);
			runOnlyForDeploymentPostprocessing = 0;
		};
/* End PBXFrameworksBuildPhase section */

/* Begin PBXGroup section */
		3CC2DA8C1BE2B7C000916FDD = {
			isa = PBXGroup;
			children = (
				3CC2DA971BE2B7C000916FDD /* Threads */,
				3CC2DA961BE2B7C000916FDD /* Products */,
				DEE43A9B9F833C2776D65B09 /* Pods */,
				85DE13500CEFD0B4D5D1B2F7 /* Frameworks */,
			);
			sourceTree = "<group>";
		};
		3CC2DA961BE2B7C000916FDD /* Products */ = {
			isa = PBXGroup;
			children = (
				3CC2DA951BE2B7C000916FDD /* Comm.app */,
			);
			name = Products;
			sourceTree = "<group>";
		};
		3CC2DA971BE2B7C000916FDD /* Threads */ = {
			isa = PBXGroup;
			children = (
				3CC2DA981BE2B7C000916FDD /* AppDelegate.swift */,
				3CC2DA9C1BE2B7C000916FDD /* Main.storyboard */,
				F3D102F51C6D0EFF001F0FA1 /* Card */,
				F3B667A11C1788EB00B05CF5 /* Cells */,
				F3D257A41C712CEA002A70CC /* CoreData */,
				3CC2DAB01BE2B7FC00916FDD /* Classes */,
				F337E3F81C221EBB00557168 /* Data */,
				F3B667981C1772C900B05CF5 /* Directory */,
				F3B667951C176EDC00B05CF5 /* Supporting Files */,
				3CC2DAB81BE2B85D00916FDD /* System */,
			);
			path = Threads;
			sourceTree = "<group>";
		};
		3CC2DAB01BE2B7FC00916FDD /* Classes */ = {
			isa = PBXGroup;
			children = (
				3CC2DAAA1BE2B7F600916FDD /* Community.swift */,
				F3AC61931C6F8F02006476C2 /* Country.swift */,
				3CC2DAB11BE2B80E00916FDD /* Entry.swift */,
				F3C3A59C1C5CE522003FA1F3 /* Member.swift */,
				F32446E91C6F57A4005DF9FA /* Session.swift */,
			);
			name = Classes;
			sourceTree = "<group>";
		};
		3CC2DAB81BE2B85D00916FDD /* System */ = {
			isa = PBXGroup;
			children = (
				3CC2DAA11BE2B7C000916FDD /* LaunchScreen.storyboard */,
				3CC2DAA41BE2B7C000916FDD /* Info.plist */,
				3CC2DA9F1BE2B7C000916FDD /* Assets.xcassets */,
			);
			name = System;
			sourceTree = "<group>";
		};
		84CC6D0D1C0B06BE008AA59F /* Fonts */ = {
			isa = PBXGroup;
			children = (
				F37EA2AB1C1441A000F522CA /* Comfortaa-Bold.ttf */,
				F3FEDB451C65E85000B09B97 /* SFUIText-Light.otf */,
				F3FEDB461C65E85600B09B97 /* SFUIText-Regular.otf */,
				F3FEDB431C65E83000B09B97 /* SFUIDisplay-Regular.otf */,
				F3FEDB441C65E83800B09B97 /* SFUIDisplay-Light.otf */,
			);
			name = Fonts;
			sourceTree = "<group>";
		};
		85DE13500CEFD0B4D5D1B2F7 /* Frameworks */ = {
			isa = PBXGroup;
			children = (
				A40B2CD6BB6C75F7AB60935C /* Pods.framework */,
			);
			name = Frameworks;
			sourceTree = "<group>";
		};
		DEE43A9B9F833C2776D65B09 /* Pods */ = {
			isa = PBXGroup;
			children = (
				1F6D5269A01F9B9516652A70 /* Pods.debug.xcconfig */,
				542734DA7F8138C6B981EC92 /* Pods.release.xcconfig */,
			);
			name = Pods;
			sourceTree = "<group>";
		};
		F337E3F81C221EBB00557168 /* Data */ = {
			isa = PBXGroup;
			children = (
				F337E3F61C221EB300557168 /* EntryData.swift */,
				F337E3F91C2221F300557168 /* CommunityData.swift */,
				F3AC61911C6F8BBF006476C2 /* CountryData.swift */,
				F3C3A59A1C5CE510003FA1F3 /* MemberData.swift */,
				F36D1C651C5C180200D0CECD /* NewsData.swift */,
				F32446EB1C6F584D005DF9FA /* SessionData.swift */,
			);
			name = Data;
			sourceTree = "<group>";
		};
		F3B667951C176EDC00B05CF5 /* Supporting Files */ = {
			isa = PBXGroup;
			children = (
				3CC2DAD61BE2C2C700916FDD /* ComLogos */,
				F3B667911C176ED600B05CF5 /* Comm-Bridging-Header.h */,
				F3B667921C176ED600B05CF5 /* SWRevealViewController.h */,
				F3B667931C176ED600B05CF5 /* SWRevealViewController.m */,
				F33560561C3E7071002A127E /* SwiftyJSON.swift */,
				F3C10E361C1350E3007A94AA /* images */,
				84CC6D0D1C0B06BE008AA59F /* Fonts */,
			);
			name = "Supporting Files";
			sourceTree = "<group>";
		};
		F3B667981C1772C900B05CF5 /* Directory */ = {
			isa = PBXGroup;
			children = (
				3CC2DAAC1BE2B7F600916FDD /* CommunityDir.swift */,
				F3AC618F1C6F8363006476C2 /* CountryDict.swift */,
				3CC2DAB31BE2B80E00916FDD /* EntryDir.swift */,
				F3B667961C1772C300B05CF5 /* MenuDir.swift */,
				F321067F1C1D672E00EFF9F3 /* NewsDir.swift */,
			);
			name = Directory;
			sourceTree = "<group>";
		};
		F3B667A11C1788EB00B05CF5 /* Cells */ = {
			isa = PBXGroup;
			children = (
				3CC2DAAB1BE2B7F600916FDD /* CommunityCell.swift */,
				F3AC61951C6F921A006476C2 /* CountryCell.swift */,
				3CC2DAB21BE2B80E00916FDD /* EntryCell.swift */,
				841045CF1C065A760016F48A /* EntryHeaderCell.swift */,
				F3B667A21C178DCB00B05CF5 /* MenuItemCell.swift */,
				F3B6679F1C17869000B05CF5 /* ProfileCell.swift */,
			);
			name = Cells;
			sourceTree = "<group>";
		};
		F3C10E361C1350E3007A94AA /* images */ = {
			isa = PBXGroup;
			children = (
				F3FEDB591C65EA7000B09B97 /* Menu */,
				F3C10E4B1C13523A007A94AA /* back.png */,
				F3850DC61C7A090100679F68 /* bg.png */,
				F3C10E4C1C13523A007A94AA /* bookmark.png */,
				F3C10E4D1C13523A007A94AA /* bookmarkSet.png */,
				F3D102F61C6D1C85001F0FA1 /* edit.png */,
				F3AE60171C143EB6004E74C8 /* Icon.png */,
				F3C10E3C1C1351FA007A94AA /* menu.png */,
				F3850DC81C7A09BF00679F68 /* logo.png */,
				F3D102F71C6D1C85001F0FA1 /* save.png */,
				F3AC61971C6FA473006476C2 /* set.png */,
				F3A2420D1C6624D5006DF860 /* welcomePage.png */,
				F32446F31C6F5D6B005DF9FA /* startPage.png */,
			);
			name = images;
			sourceTree = "<group>";
		};
		F3D102F51C6D0EFF001F0FA1 /* Card */ = {
			isa = PBXGroup;
			children = (
				F3A16AF01C5FE63300576F59 /* EntrySaver.swift */,
				F3D102F31C6D0885001F0FA1 /* ProfileCard.swift */,
				F3D102FA1C6D28F8001F0FA1 /* ProfileCardEdit.swift */,
				F3D03C3A1C6FD8670066610E /* SessionCard.swift */,
				F32446ED1C6F5A6B005DF9FA /* SessionReqCard.swift */,
				F32446EF1C6F5B6B005DF9FA /* StartCard.swift */,
				F34428CB1C78E6810033EA77 /* WelcomeCard.swift */,
			);
			name = Card;
			sourceTree = "<group>";
		};
		F3D257A41C712CEA002A70CC /* CoreData */ = {
			isa = PBXGroup;
			children = (
				F3D257A11C712CE2002A70CC /* CoreDataModel.xcdatamodeld */,
				F35133541C7915140034E23A /* Log+CoreDataProperties.swift */,
				F35133551C7915140034E23A /* Log.swift */,
			);
			name = CoreData;
			sourceTree = "<group>";
		};
		F3FEDB591C65EA7000B09B97 /* Menu */ = {
			isa = PBXGroup;
			children = (
				F3FEDB571C65EA5000B09B97 /* bookmarks.png */,
				F3FEDB5A1C65EF6500B09B97 /* bookmarksSet.png */,
				F3C10E3D1C1351FA007A94AA /* communities.png */,
				F3FEDB5B1C65EF6500B09B97 /* communitiesSet.png */,
				F3FEDB551C65EA2C00B09B97 /* contacts.png */,
				F3FEDB5C1C65EF6500B09B97 /* contactsSet.png */,
				F3C10E3E1C1351FA007A94AA /* news.png */,
				F3FEDB5D1C65EF6500B09B97 /* newsSet.png */,
				F3C10E3F1C1351FA007A94AA /* popular.png */,
				F3FEDB5E1C65EF6500B09B97 /* popularSet.png */,
				F3C10E411C1351FA007A94AA /* suggested.png */,
				F3FEDB601C65EF6500B09B97 /* suggestedSet.png */,
				F3C10E401C1351FA007A94AA /* settings.png */,
				F3FEDB5F1C65EF6500B09B97 /* settingsSet.png */,
			);
			name = Menu;
			sourceTree = "<group>";
		};
/* End PBXGroup section */

/* Begin PBXNativeTarget section */
		3CC2DA941BE2B7C000916FDD /* Comm */ = {
			isa = PBXNativeTarget;
			buildConfigurationList = 3CC2DAA71BE2B7C000916FDD /* Build configuration list for PBXNativeTarget "Comm" */;
			buildPhases = (
				97B7F4BC4E493103EE42CB51 /* Check Pods Manifest.lock */,
				3CC2DA911BE2B7C000916FDD /* Sources */,
				3CC2DA921BE2B7C000916FDD /* Frameworks */,
				3CC2DA931BE2B7C000916FDD /* Resources */,
				33575B36F1A78789F96FEA04 /* Embed Pods Frameworks */,
				D6FF2D66B16C0ADD199F0A44 /* Copy Pods Resources */,
			);
			buildRules = (
			);
			dependencies = (
			);
			name = Comm;
			productName = Threads;
			productReference = 3CC2DA951BE2B7C000916FDD /* Comm.app */;
			productType = "com.apple.product-type.application";
		};
/* End PBXNativeTarget section */

/* Begin PBXProject section */
		3CC2DA8D1BE2B7C000916FDD /* Project object */ = {
			isa = PBXProject;
			attributes = {
				LastSwiftUpdateCheck = 0710;
				LastUpgradeCheck = 0720;
				ORGANIZATIONNAME = "Igor Cova";
				TargetAttributes = {
					3CC2DA941BE2B7C000916FDD = {
						CreatedOnToolsVersion = 7.0.1;
						DevelopmentTeam = 4R2M8FE9U7;
					};
				};
			};
			buildConfigurationList = 3CC2DA901BE2B7C000916FDD /* Build configuration list for PBXProject "Threads" */;
			compatibilityVersion = "Xcode 3.2";
			developmentRegion = English;
			hasScannedForEncodings = 0;
			knownRegions = (
				en,
				Base,
			);
			mainGroup = 3CC2DA8C1BE2B7C000916FDD;
			productRefGroup = 3CC2DA961BE2B7C000916FDD /* Products */;
			projectDirPath = "";
			projectRoot = "";
			targets = (
				3CC2DA941BE2B7C000916FDD /* Comm */,
			);
		};
/* End PBXProject section */

/* Begin PBXResourcesBuildPhase section */
		3CC2DA931BE2B7C000916FDD /* Resources */ = {
			isa = PBXResourcesBuildPhase;
			buildActionMask = 2147483647;
			files = (
				F3FEDB651C65EF6500B09B97 /* popularSet.png in Resources */,
				F3AE60181C143EB6004E74C8 /* Icon.png in Resources */,
				F3D102F91C6D1C85001F0FA1 /* save.png in Resources */,
				F3C10E451C1351FA007A94AA /* menu.png in Resources */,
				F3D102F81C6D1C85001F0FA1 /* edit.png in Resources */,
				F3FEDB581C65EA5000B09B97 /* bookmarks.png in Resources */,
				F3C10E461C1351FA007A94AA /* communities.png in Resources */,
				F31006F11C1330A50008DA50 /* ComLogos in Resources */,
				F3AC61981C6FA473006476C2 /* set.png in Resources */,
				F3C10E471C1351FA007A94AA /* news.png in Resources */,
				3CC2DAA31BE2B7C000916FDD /* LaunchScreen.storyboard in Resources */,
				F3C10E4F1C13523A007A94AA /* bookmark.png in Resources */,
				F3850DC71C7A090100679F68 /* bg.png in Resources */,
				F3C10E4A1C1351FA007A94AA /* suggested.png in Resources */,
				F3FEDB561C65EA2C00B09B97 /* contacts.png in Resources */,
				F3A2420E1C6624D5006DF860 /* welcomePage.png in Resources */,
				F3850DC91C7A09BF00679F68 /* logo.png in Resources */,
				F3FEDB671C65EF6500B09B97 /* suggestedSet.png in Resources */,
				F3FEDB621C65EF6500B09B97 /* communitiesSet.png in Resources */,
				3CC2DAA01BE2B7C000916FDD /* Assets.xcassets in Resources */,
				F32446F41C6F5D6B005DF9FA /* startPage.png in Resources */,
				3CC2DA9E1BE2B7C000916FDD /* Main.storyboard in Resources */,
				F37EA2AC1C1441A000F522CA /* Comfortaa-Bold.ttf in Resources */,
				F3FEDB641C65EF6500B09B97 /* newsSet.png in Resources */,
				F3C10E481C1351FA007A94AA /* popular.png in Resources */,
				F3C10E491C1351FA007A94AA /* settings.png in Resources */,
				F3C10E4E1C13523A007A94AA /* back.png in Resources */,
				F3FEDB661C65EF6500B09B97 /* settingsSet.png in Resources */,
				F3FEDB611C65EF6500B09B97 /* bookmarksSet.png in Resources */,
				F3FEDB631C65EF6500B09B97 /* contactsSet.png in Resources */,
				F3C10E501C13523A007A94AA /* bookmarkSet.png in Resources */,
			);
			runOnlyForDeploymentPostprocessing = 0;
		};
/* End PBXResourcesBuildPhase section */

/* Begin PBXShellScriptBuildPhase section */
		33575B36F1A78789F96FEA04 /* Embed Pods Frameworks */ = {
			isa = PBXShellScriptBuildPhase;
			buildActionMask = 2147483647;
			files = (
			);
			inputPaths = (
			);
			name = "Embed Pods Frameworks";
			outputPaths = (
			);
			runOnlyForDeploymentPostprocessing = 0;
			shellPath = /bin/sh;
			shellScript = "\"${SRCROOT}/Pods/Target Support Files/Pods/Pods-frameworks.sh\"\n";
			showEnvVarsInLog = 0;
		};
		97B7F4BC4E493103EE42CB51 /* Check Pods Manifest.lock */ = {
			isa = PBXShellScriptBuildPhase;
			buildActionMask = 2147483647;
			files = (
			);
			inputPaths = (
			);
			name = "Check Pods Manifest.lock";
			outputPaths = (
			);
			runOnlyForDeploymentPostprocessing = 0;
			shellPath = /bin/sh;
			shellScript = "diff \"${PODS_ROOT}/../Podfile.lock\" \"${PODS_ROOT}/Manifest.lock\" > /dev/null\nif [[ $? != 0 ]] ; then\n    cat << EOM\nerror: The sandbox is not in sync with the Podfile.lock. Run 'pod install' or update your CocoaPods installation.\nEOM\n    exit 1\nfi\n";
			showEnvVarsInLog = 0;
		};
		D6FF2D66B16C0ADD199F0A44 /* Copy Pods Resources */ = {
			isa = PBXShellScriptBuildPhase;
			buildActionMask = 2147483647;
			files = (
			);
			inputPaths = (
			);
			name = "Copy Pods Resources";
			outputPaths = (
			);
			runOnlyForDeploymentPostprocessing = 0;
			shellPath = /bin/sh;
			shellScript = "\"${SRCROOT}/Pods/Target Support Files/Pods/Pods-resources.sh\"\n";
			showEnvVarsInLog = 0;
		};
/* End PBXShellScriptBuildPhase section */

/* Begin PBXSourcesBuildPhase section */
		3CC2DA911BE2B7C000916FDD /* Sources */ = {
			isa = PBXSourcesBuildPhase;
			buildActionMask = 2147483647;
			files = (
				F3B667971C1772C300B05CF5 /* MenuDir.swift in Sources */,
				F32446EC1C6F584D005DF9FA /* SessionData.swift in Sources */,
				F35133571C7915140034E23A /* Log.swift in Sources */,
				F3D102F41C6D0885001F0FA1 /* ProfileCard.swift in Sources */,
				F3A16AF11C5FE63300576F59 /* EntrySaver.swift in Sources */,
				3CC2DAB41BE2B80E00916FDD /* Entry.swift in Sources */,
				3CC2DAAD1BE2B7F600916FDD /* Community.swift in Sources */,
				F3D257A31C712CE2002A70CC /* CoreDataModel.xcdatamodeld in Sources */,
				F3B667A31C178DCB00B05CF5 /* MenuItemCell.swift in Sources */,
				F3AC61901C6F8363006476C2 /* CountryDict.swift in Sources */,
				F3AC61921C6F8BBF006476C2 /* CountryData.swift in Sources */,
				F3D03C3B1C6FD8670066610E /* SessionCard.swift in Sources */,
				F3D102FB1C6D28F8001F0FA1 /* ProfileCardEdit.swift in Sources */,
				3CC2DAB61BE2B80E00916FDD /* EntryDir.swift in Sources */,
				841045D01C065A760016F48A /* EntryHeaderCell.swift in Sources */,
				F3AC61961C6F921A006476C2 /* CountryCell.swift in Sources */,
				3CC2DAAF1BE2B7F600916FDD /* CommunityDir.swift in Sources */,
				F3C3A59D1C5CE522003FA1F3 /* Member.swift in Sources */,
				F36D1C661C5C180200D0CECD /* NewsData.swift in Sources */,
				3CC2DAB51BE2B80E00916FDD /* EntryCell.swift in Sources */,
				F34428CC1C78E6810033EA77 /* WelcomeCard.swift in Sources */,
				F3B667941C176ED600B05CF5 /* SWRevealViewController.m in Sources */,
				F337E3F71C221EB300557168 /* EntryData.swift in Sources */,
				F3B667A01C17869000B05CF5 /* ProfileCell.swift in Sources */,
				3CC2DA991BE2B7C000916FDD /* AppDelegate.swift in Sources */,
				F32446EE1C6F5A6B005DF9FA /* SessionReqCard.swift in Sources */,
				F35133561C7915140034E23A /* Log+CoreDataProperties.swift in Sources */,
				F337E3FA1C2221F300557168 /* CommunityData.swift in Sources */,
				F3C3A59B1C5CE510003FA1F3 /* MemberData.swift in Sources */,
				F32446EA1C6F57A4005DF9FA /* Session.swift in Sources */,
				F33560571C3E7071002A127E /* SwiftyJSON.swift in Sources */,
				3CC2DAAE1BE2B7F600916FDD /* CommunityCell.swift in Sources */,
				F32106801C1D672E00EFF9F3 /* NewsDir.swift in Sources */,
				F3AC61941C6F8F02006476C2 /* Country.swift in Sources */,
				F32446F01C6F5B6B005DF9FA /* StartCard.swift in Sources */,
			);
			runOnlyForDeploymentPostprocessing = 0;
		};
/* End PBXSourcesBuildPhase section */

/* Begin PBXVariantGroup section */
		3CC2DA9C1BE2B7C000916FDD /* Main.storyboard */ = {
			isa = PBXVariantGroup;
			children = (
				3CC2DA9D1BE2B7C000916FDD /* Base */,
			);
			name = Main.storyboard;
			sourceTree = "<group>";
		};
		3CC2DAA11BE2B7C000916FDD /* LaunchScreen.storyboard */ = {
			isa = PBXVariantGroup;
			children = (
				3CC2DAA21BE2B7C000916FDD /* Base */,
			);
			name = LaunchScreen.storyboard;
			sourceTree = "<group>";
		};
/* End PBXVariantGroup section */

/* Begin XCBuildConfiguration section */
		3CC2DAA51BE2B7C000916FDD /* Debug */ = {
			isa = XCBuildConfiguration;
			baseConfigurationReference = 1F6D5269A01F9B9516652A70 /* Pods.debug.xcconfig */;
			buildSettings = {
				ALWAYS_SEARCH_USER_PATHS = NO;
				CLANG_CXX_LANGUAGE_STANDARD = "gnu++0x";
				CLANG_CXX_LIBRARY = "libc++";
				CLANG_ENABLE_MODULES = YES;
				CLANG_ENABLE_OBJC_ARC = YES;
				CLANG_WARN_BOOL_CONVERSION = YES;
				CLANG_WARN_CONSTANT_CONVERSION = YES;
				CLANG_WARN_DIRECT_OBJC_ISA_USAGE = YES_ERROR;
				CLANG_WARN_EMPTY_BODY = YES;
				CLANG_WARN_ENUM_CONVERSION = YES;
				CLANG_WARN_INT_CONVERSION = YES;
				CLANG_WARN_OBJC_ROOT_CLASS = YES_ERROR;
				CLANG_WARN_UNREACHABLE_CODE = YES;
				CLANG_WARN__DUPLICATE_METHOD_MATCH = YES;
				"CODE_SIGN_IDENTITY[sdk=iphoneos*]" = "iPhone Developer";
				COPY_PHASE_STRIP = NO;
				DEBUG_INFORMATION_FORMAT = dwarf;
				ENABLE_STRICT_OBJC_MSGSEND = YES;
				ENABLE_TESTABILITY = YES;
				GCC_C_LANGUAGE_STANDARD = gnu99;
				GCC_DYNAMIC_NO_PIC = NO;
				GCC_NO_COMMON_BLOCKS = YES;
				GCC_OPTIMIZATION_LEVEL = 0;
				GCC_PREPROCESSOR_DEFINITIONS = (
					"DEBUG=1",
					"$(inherited)",
				);
				GCC_WARN_64_TO_32_BIT_CONVERSION = YES;
				GCC_WARN_ABOUT_RETURN_TYPE = YES_ERROR;
				GCC_WARN_UNDECLARED_SELECTOR = YES;
				GCC_WARN_UNINITIALIZED_AUTOS = YES_AGGRESSIVE;
				GCC_WARN_UNUSED_FUNCTION = YES;
				GCC_WARN_UNUSED_VARIABLE = YES;
				IPHONEOS_DEPLOYMENT_TARGET = 9.0;
				MTL_ENABLE_DEBUG_INFO = YES;
				ONLY_ACTIVE_ARCH = YES;
				SDKROOT = iphoneos;
				SWIFT_OPTIMIZATION_LEVEL = "-Onone";
				TARGETED_DEVICE_FAMILY = "1,2";
			};
			name = Debug;
		};
		3CC2DAA61BE2B7C000916FDD /* Release */ = {
			isa = XCBuildConfiguration;
			baseConfigurationReference = 542734DA7F8138C6B981EC92 /* Pods.release.xcconfig */;
			buildSettings = {
				ALWAYS_SEARCH_USER_PATHS = NO;
				CLANG_CXX_LANGUAGE_STANDARD = "gnu++0x";
				CLANG_CXX_LIBRARY = "libc++";
				CLANG_ENABLE_MODULES = YES;
				CLANG_ENABLE_OBJC_ARC = YES;
				CLANG_WARN_BOOL_CONVERSION = YES;
				CLANG_WARN_CONSTANT_CONVERSION = YES;
				CLANG_WARN_DIRECT_OBJC_ISA_USAGE = YES_ERROR;
				CLANG_WARN_EMPTY_BODY = YES;
				CLANG_WARN_ENUM_CONVERSION = YES;
				CLANG_WARN_INT_CONVERSION = YES;
				CLANG_WARN_OBJC_ROOT_CLASS = YES_ERROR;
				CLANG_WARN_UNREACHABLE_CODE = YES;
				CLANG_WARN__DUPLICATE_METHOD_MATCH = YES;
				"CODE_SIGN_IDENTITY[sdk=iphoneos*]" = "iPhone Developer";
				COPY_PHASE_STRIP = NO;
				DEBUG_INFORMATION_FORMAT = "dwarf-with-dsym";
				ENABLE_NS_ASSERTIONS = NO;
				ENABLE_STRICT_OBJC_MSGSEND = YES;
				GCC_C_LANGUAGE_STANDARD = gnu99;
				GCC_NO_COMMON_BLOCKS = YES;
				GCC_WARN_64_TO_32_BIT_CONVERSION = YES;
				GCC_WARN_ABOUT_RETURN_TYPE = YES_ERROR;
				GCC_WARN_UNDECLARED_SELECTOR = YES;
				GCC_WARN_UNINITIALIZED_AUTOS = YES_AGGRESSIVE;
				GCC_WARN_UNUSED_FUNCTION = YES;
				GCC_WARN_UNUSED_VARIABLE = YES;
				IPHONEOS_DEPLOYMENT_TARGET = 9.0;
				MTL_ENABLE_DEBUG_INFO = NO;
				SDKROOT = iphoneos;
				TARGETED_DEVICE_FAMILY = "1,2";
				VALIDATE_PRODUCT = YES;
			};
			name = Release;
		};
		3CC2DAA81BE2B7C000916FDD /* Debug */ = {
			isa = XCBuildConfiguration;
			baseConfigurationReference = 1F6D5269A01F9B9516652A70 /* Pods.debug.xcconfig */;
			buildSettings = {
				ASSETCATALOG_COMPILER_APPICON_NAME = iPhone;
				CLANG_ENABLE_MODULES = YES;
				CODE_SIGN_IDENTITY = "iPhone Developer";
				"CODE_SIGN_IDENTITY[sdk=iphoneos*]" = "iPhone Developer";
				INFOPLIST_FILE = Threads/Info.plist;
				LD_RUNPATH_SEARCH_PATHS = "$(inherited) @executable_path/Frameworks";
				PRODUCT_BUNDLE_IDENTIFIER = Tectonics.Threads;
				PRODUCT_NAME = "$(TARGET_NAME)";
				PROVISIONING_PROFILE = "";
				SWIFT_OBJC_BRIDGING_HEADER = "Threads/Comm-Bridging-Header.h";
				SWIFT_OPTIMIZATION_LEVEL = "-Onone";
				TARGETED_DEVICE_FAMILY = 1;
			};
			name = Debug;
		};
		3CC2DAA91BE2B7C000916FDD /* Release */ = {
			isa = XCBuildConfiguration;
			baseConfigurationReference = 542734DA7F8138C6B981EC92 /* Pods.release.xcconfig */;
			buildSettings = {
				ASSETCATALOG_COMPILER_APPICON_NAME = iPhone;
				CLANG_ENABLE_MODULES = YES;
				CODE_SIGN_IDENTITY = "iPhone Developer";
				"CODE_SIGN_IDENTITY[sdk=iphoneos*]" = "iPhone Developer";
				INFOPLIST_FILE = Threads/Info.plist;
				LD_RUNPATH_SEARCH_PATHS = "$(inherited) @executable_path/Frameworks";
				PRODUCT_BUNDLE_IDENTIFIER = Tectonics.Threads;
				PRODUCT_NAME = "$(TARGET_NAME)";
				PROVISIONING_PROFILE = "";
				SWIFT_OBJC_BRIDGING_HEADER = "Threads/Comm-Bridging-Header.h";
				TARGETED_DEVICE_FAMILY = 1;
			};
			name = Release;
		};
/* End XCBuildConfiguration section */

/* Begin XCConfigurationList section */
		3CC2DA901BE2B7C000916FDD /* Build configuration list for PBXProject "Threads" */ = {
			isa = XCConfigurationList;
			buildConfigurations = (
				3CC2DAA51BE2B7C000916FDD /* Debug */,
				3CC2DAA61BE2B7C000916FDD /* Release */,
			);
			defaultConfigurationIsVisible = 0;
			defaultConfigurationName = Release;
		};
		3CC2DAA71BE2B7C000916FDD /* Build configuration list for PBXNativeTarget "Comm" */ = {
			isa = XCConfigurationList;
			buildConfigurations = (
				3CC2DAA81BE2B7C000916FDD /* Debug */,
				3CC2DAA91BE2B7C000916FDD /* Release */,
			);
			defaultConfigurationIsVisible = 0;
			defaultConfigurationName = Release;
		};
/* End XCConfigurationList section */

/* Begin XCVersionGroup section */
		F3D257A11C712CE2002A70CC /* CoreDataModel.xcdatamodeld */ = {
			isa = XCVersionGroup;
			children = (
				F3D257A21C712CE2002A70CC /* CoreDataModel.xcdatamodel */,
			);
			currentVersion = F3D257A21C712CE2002A70CC /* CoreDataModel.xcdatamodel */;
			path = CoreDataModel.xcdatamodeld;
			sourceTree = "<group>";
			versionGroupType = wrapper.xcdatamodel;
		};
/* End XCVersionGroup section */
	};
	rootObject = 3CC2DA8D1BE2B7C000916FDD /* Project object */;
}
