// !$*UTF8*$!
{
	archiveVersion = 1;
	classes = {
	};
	objectVersion = 46;
	objects = {

/* Begin PBXBuildFile section */
		3CC2DA991BE2B7C000916FDD /* AppDelegate.swift in Sources */ = {isa = PBXBuildFile; fileRef = 3CC2DA981BE2B7C000916FDD /* AppDelegate.swift */; };
		3CC2DA9E1BE2B7C000916FDD /* Main.storyboard in Resources */ = {isa = PBXBuildFile; fileRef = 3CC2DA9C1BE2B7C000916FDD /* Main.storyboard */; };
		3CC2DAA31BE2B7C000916FDD /* LaunchScreen.storyboard in Resources */ = {isa = PBXBuildFile; fileRef = 3CC2DAA11BE2B7C000916FDD /* LaunchScreen.storyboard */; };
		3CC2DAAD1BE2B7F600916FDD /* Community.swift in Sources */ = {isa = PBXBuildFile; fileRef = 3CC2DAAA1BE2B7F600916FDD /* Community.swift */; };
		3CC2DAAE1BE2B7F600916FDD /* CommunityCell.swift in Sources */ = {isa = PBXBuildFile; fileRef = 3CC2DAAB1BE2B7F600916FDD /* CommunityCell.swift */; };
		3CC2DAAF1BE2B7F600916FDD /* CommunityDir.swift in Sources */ = {isa = PBXBuildFile; fileRef = 3CC2DAAC1BE2B7F600916FDD /* CommunityDir.swift */; };
		3CC2DAB41BE2B80E00916FDD /* Entry.swift in Sources */ = {isa = PBXBuildFile; fileRef = 3CC2DAB11BE2B80E00916FDD /* Entry.swift */; };
		3CC2DAB51BE2B80E00916FDD /* EntryCell.swift in Sources */ = {isa = PBXBuildFile; fileRef = 3CC2DAB21BE2B80E00916FDD /* EntryCell.swift */; };
		3CC2DAB61BE2B80E00916FDD /* EntryDir.swift in Sources */ = {isa = PBXBuildFile; fileRef = 3CC2DAB31BE2B80E00916FDD /* EntryDir.swift */; };
		841045D01C065A760016F48A /* EntryHeaderCell.swift in Sources */ = {isa = PBXBuildFile; fileRef = 841045CF1C065A760016F48A /* EntryHeaderCell.swift */; };
		CA0C465E5026609983EE619B /* Pods.framework in Frameworks */ = {isa = PBXBuildFile; fileRef = A40B2CD6BB6C75F7AB60935C /* Pods.framework */; };
		F32106801C1D672E00EFF9F3 /* NewsDir.swift in Sources */ = {isa = PBXBuildFile; fileRef = F321067F1C1D672E00EFF9F3 /* NewsDir.swift */; };
		F32446EA1C6F57A4005DF9FA /* Session.swift in Sources */ = {isa = PBXBuildFile; fileRef = F32446E91C6F57A4005DF9FA /* Session.swift */; };
		F32446EC1C6F584D005DF9FA /* SessionData.swift in Sources */ = {isa = PBXBuildFile; fileRef = F32446EB1C6F584D005DF9FA /* SessionData.swift */; };
		F32446EE1C6F5A6B005DF9FA /* SessionReqCard.swift in Sources */ = {isa = PBXBuildFile; fileRef = F32446ED1C6F5A6B005DF9FA /* SessionReqCard.swift */; };
		F32446F01C6F5B6B005DF9FA /* StartCard.swift in Sources */ = {isa = PBXBuildFile; fileRef = F32446EF1C6F5B6B005DF9FA /* StartCard.swift */; };
		F32701851C83337B00BBFD56 /* PhotoLoaderCard.swift in Sources */ = {isa = PBXBuildFile; fileRef = F32701841C83337B00BBFD56 /* PhotoLoaderCard.swift */; };
		F33560571C3E7071002A127E /* SwiftyJSON.swift in Sources */ = {isa = PBXBuildFile; fileRef = F33560561C3E7071002A127E /* SwiftyJSON.swift */; };
		F337E3F71C221EB300557168 /* EntryData.swift in Sources */ = {isa = PBXBuildFile; fileRef = F337E3F61C221EB300557168 /* EntryData.swift */; };
		F337E3FA1C2221F300557168 /* CommunityData.swift in Sources */ = {isa = PBXBuildFile; fileRef = F337E3F91C2221F300557168 /* CommunityData.swift */; };
		F34428CC1C78E6810033EA77 /* WelcomeCard.swift in Sources */ = {isa = PBXBuildFile; fileRef = F34428CB1C78E6810033EA77 /* WelcomeCard.swift */; };
		F34529C01C8CEF5000955E5D /* AboutCard.swift in Sources */ = {isa = PBXBuildFile; fileRef = F34529BF1C8CEF5000955E5D /* AboutCard.swift */; };
		F35133561C7915140034E23A /* Log+CoreDataProperties.swift in Sources */ = {isa = PBXBuildFile; fileRef = F35133541C7915140034E23A /* Log+CoreDataProperties.swift */; };
		F35133571C7915140034E23A /* Log.swift in Sources */ = {isa = PBXBuildFile; fileRef = F35133551C7915140034E23A /* Log.swift */; };
		F36105701C8D9A680076CCF2 /* CommunityEditDict.swift in Sources */ = {isa = PBXBuildFile; fileRef = F361056F1C8D9A680076CCF2 /* CommunityEditDict.swift */; };
		F36105721C8D9D110076CCF2 /* NameCell.swift in Sources */ = {isa = PBXBuildFile; fileRef = F36105711C8D9D110076CCF2 /* NameCell.swift */; };
		F36105751C8D9D6F0076CCF2 /* UsernameCell.swift in Sources */ = {isa = PBXBuildFile; fileRef = F36105741C8D9D6F0076CCF2 /* UsernameCell.swift */; };
		F36105771C8D9D960076CCF2 /* PhoneNumberCell.swift in Sources */ = {isa = PBXBuildFile; fileRef = F36105761C8D9D960076CCF2 /* PhoneNumberCell.swift */; };
		F36105791C8D9DB30076CCF2 /* GenderCell.swift in Sources */ = {isa = PBXBuildFile; fileRef = F36105781C8D9DB30076CCF2 /* GenderCell.swift */; };
		F361057B1C8D9DCE0076CCF2 /* AgeCell.swift in Sources */ = {isa = PBXBuildFile; fileRef = F361057A1C8D9DCE0076CCF2 /* AgeCell.swift */; };
		F36105801C8DA80B0076CCF2 /* CommNameCell.swift in Sources */ = {isa = PBXBuildFile; fileRef = F361057F1C8DA80B0076CCF2 /* CommNameCell.swift */; };
		F36105821C8DA8630076CCF2 /* CommItemCell.swift in Sources */ = {isa = PBXBuildFile; fileRef = F36105811C8DA8630076CCF2 /* CommItemCell.swift */; };
		F36A1F2E1C82614D006A0589 /* ChangeFieldCard.swift in Sources */ = {isa = PBXBuildFile; fileRef = F36A1F2D1C82614D006A0589 /* ChangeFieldCard.swift */; };
		F36D1C661C5C180200D0CECD /* NewsData.swift in Sources */ = {isa = PBXBuildFile; fileRef = F36D1C651C5C180200D0CECD /* NewsData.swift */; };
		F37EA2AC1C1441A000F522CA /* Comfortaa-Bold.ttf in Resources */ = {isa = PBXBuildFile; fileRef = F37EA2AB1C1441A000F522CA /* Comfortaa-Bold.ttf */; };
		F39237A71C8F5F3E00BCC067 /* BirthdayCell.swift in Sources */ = {isa = PBXBuildFile; fileRef = F39237A61C8F5F3E00BCC067 /* BirthdayCell.swift */; };
		F3A16AF11C5FE63300576F59 /* EntrySaver.swift in Sources */ = {isa = PBXBuildFile; fileRef = F3A16AF01C5FE63300576F59 /* EntrySaver.swift */; };
		F3A63DD21C9A017800EC0D8B /* ColumnView.swift in Sources */ = {isa = PBXBuildFile; fileRef = F3A63DD11C9A017800EC0D8B /* ColumnView.swift */; };
		F3A63DD41C9A038200EC0D8B /* ColumnsCell.swift in Sources */ = {isa = PBXBuildFile; fileRef = F3A63DD31C9A038200EC0D8B /* ColumnsCell.swift */; };
		F3A80C251C81C11E00D2FDD2 /* ImageData.swift in Sources */ = {isa = PBXBuildFile; fileRef = F3A80C241C81C11E00D2FDD2 /* ImageData.swift */; };
		F3A80C271C81E69000D2FDD2 /* LaunchCard.swift in Sources */ = {isa = PBXBuildFile; fileRef = F3A80C261C81E69000D2FDD2 /* LaunchCard.swift */; };
		F3A80C291C81E99C00D2FDD2 /* SettingsCard.swift in Sources */ = {isa = PBXBuildFile; fileRef = F3A80C281C81E99C00D2FDD2 /* SettingsCard.swift */; };
		F3A80C331C82317E00D2FDD2 /* ProfileEditDict.swift in Sources */ = {isa = PBXBuildFile; fileRef = F3A80C321C82317E00D2FDD2 /* ProfileEditDict.swift */; };
		F3AC61901C6F8363006476C2 /* CountryDict.swift in Sources */ = {isa = PBXBuildFile; fileRef = F3AC618F1C6F8363006476C2 /* CountryDict.swift */; };
		F3AC61921C6F8BBF006476C2 /* CountryData.swift in Sources */ = {isa = PBXBuildFile; fileRef = F3AC61911C6F8BBF006476C2 /* CountryData.swift */; };
		F3AC61941C6F8F02006476C2 /* Country.swift in Sources */ = {isa = PBXBuildFile; fileRef = F3AC61931C6F8F02006476C2 /* Country.swift */; };
		F3AC61961C6F921A006476C2 /* CountryCell.swift in Sources */ = {isa = PBXBuildFile; fileRef = F3AC61951C6F921A006476C2 /* CountryCell.swift */; };
		F3ADF1101C94CA64008A722D /* DescCard.swift in Sources */ = {isa = PBXBuildFile; fileRef = F3ADF10F1C94CA64008A722D /* DescCard.swift */; };
		F3B667941C176ED600B05CF5 /* SWRevealViewController.m in Sources */ = {isa = PBXBuildFile; fileRef = F3B667931C176ED600B05CF5 /* SWRevealViewController.m */; };
		F3B667971C1772C300B05CF5 /* MenuDir.swift in Sources */ = {isa = PBXBuildFile; fileRef = F3B667961C1772C300B05CF5 /* MenuDir.swift */; };
		F3B667A01C17869000B05CF5 /* ProfileCell.swift in Sources */ = {isa = PBXBuildFile; fileRef = F3B6679F1C17869000B05CF5 /* ProfileCell.swift */; };
		F3B667A31C178DCB00B05CF5 /* MenuItemCell.swift in Sources */ = {isa = PBXBuildFile; fileRef = F3B667A21C178DCB00B05CF5 /* MenuItemCell.swift */; };
		F3C3A59B1C5CE510003FA1F3 /* MemberData.swift in Sources */ = {isa = PBXBuildFile; fileRef = F3C3A59A1C5CE510003FA1F3 /* MemberData.swift */; };
		F3C3A59D1C5CE522003FA1F3 /* Member.swift in Sources */ = {isa = PBXBuildFile; fileRef = F3C3A59C1C5CE522003FA1F3 /* Member.swift */; };
		F3D03C3B1C6FD8670066610E /* SessionCard.swift in Sources */ = {isa = PBXBuildFile; fileRef = F3D03C3A1C6FD8670066610E /* SessionCard.swift */; };
		F3D102F41C6D0885001F0FA1 /* ProfileCard.swift in Sources */ = {isa = PBXBuildFile; fileRef = F3D102F31C6D0885001F0FA1 /* ProfileCard.swift */; };
		F3D257A31C712CE2002A70CC /* CoreDataModel.xcdatamodeld in Sources */ = {isa = PBXBuildFile; fileRef = F3D257A11C712CE2002A70CC /* CoreDataModel.xcdatamodeld */; };
		F3DADAA41C976D380021BE32 /* Images.xcassets in Resources */ = {isa = PBXBuildFile; fileRef = F3DADAA31C976D380021BE32 /* Images.xcassets */; };
/* End PBXBuildFile section */

/* Begin PBXFileReference section */
		1F6D5269A01F9B9516652A70 /* Pods.debug.xcconfig */ = {isa = PBXFileReference; includeInIndex = 1; lastKnownFileType = text.xcconfig; name = Pods.debug.xcconfig; path = "Pods/Target Support Files/Pods/Pods.debug.xcconfig"; sourceTree = "<group>"; };
		3CC2DA951BE2B7C000916FDD /* Comm.app */ = {isa = PBXFileReference; explicitFileType = wrapper.application; includeInIndex = 0; path = Comm.app; sourceTree = BUILT_PRODUCTS_DIR; };
		3CC2DA981BE2B7C000916FDD /* AppDelegate.swift */ = {isa = PBXFileReference; lastKnownFileType = sourcecode.swift; path = AppDelegate.swift; sourceTree = "<group>"; };
		3CC2DA9D1BE2B7C000916FDD /* Base */ = {isa = PBXFileReference; lastKnownFileType = file.storyboard; name = Base; path = Base.lproj/Main.storyboard; sourceTree = "<group>"; };
		3CC2DAA21BE2B7C000916FDD /* Base */ = {isa = PBXFileReference; lastKnownFileType = file.storyboard; name = Base; path = Base.lproj/LaunchScreen.storyboard; sourceTree = "<group>"; };
		3CC2DAA41BE2B7C000916FDD /* Info.plist */ = {isa = PBXFileReference; lastKnownFileType = text.plist.xml; path = Info.plist; sourceTree = "<group>"; };
		3CC2DAAA1BE2B7F600916FDD /* Community.swift */ = {isa = PBXFileReference; fileEncoding = 4; lastKnownFileType = sourcecode.swift; path = Community.swift; sourceTree = "<group>"; };
		3CC2DAAB1BE2B7F600916FDD /* CommunityCell.swift */ = {isa = PBXFileReference; fileEncoding = 4; lastKnownFileType = sourcecode.swift; path = CommunityCell.swift; sourceTree = "<group>"; };
		3CC2DAAC1BE2B7F600916FDD /* CommunityDir.swift */ = {isa = PBXFileReference; fileEncoding = 4; lastKnownFileType = sourcecode.swift; path = CommunityDir.swift; sourceTree = "<group>"; };
		3CC2DAB11BE2B80E00916FDD /* Entry.swift */ = {isa = PBXFileReference; fileEncoding = 4; lastKnownFileType = sourcecode.swift; path = Entry.swift; sourceTree = "<group>"; };
		3CC2DAB21BE2B80E00916FDD /* EntryCell.swift */ = {isa = PBXFileReference; fileEncoding = 4; lastKnownFileType = sourcecode.swift; path = EntryCell.swift; sourceTree = "<group>"; };
		3CC2DAB31BE2B80E00916FDD /* EntryDir.swift */ = {isa = PBXFileReference; fileEncoding = 4; lastKnownFileType = sourcecode.swift; path = EntryDir.swift; sourceTree = "<group>"; };
		542734DA7F8138C6B981EC92 /* Pods.release.xcconfig */ = {isa = PBXFileReference; includeInIndex = 1; lastKnownFileType = text.xcconfig; name = Pods.release.xcconfig; path = "Pods/Target Support Files/Pods/Pods.release.xcconfig"; sourceTree = "<group>"; };
		841045CF1C065A760016F48A /* EntryHeaderCell.swift */ = {isa = PBXFileReference; fileEncoding = 4; lastKnownFileType = sourcecode.swift; path = EntryHeaderCell.swift; sourceTree = "<group>"; };
		A40B2CD6BB6C75F7AB60935C /* Pods.framework */ = {isa = PBXFileReference; explicitFileType = wrapper.framework; includeInIndex = 0; path = Pods.framework; sourceTree = BUILT_PRODUCTS_DIR; };
		F321067F1C1D672E00EFF9F3 /* NewsDir.swift */ = {isa = PBXFileReference; fileEncoding = 4; lastKnownFileType = sourcecode.swift; path = NewsDir.swift; sourceTree = "<group>"; };
		F32446E91C6F57A4005DF9FA /* Session.swift */ = {isa = PBXFileReference; fileEncoding = 4; lastKnownFileType = sourcecode.swift; path = Session.swift; sourceTree = "<group>"; };
		F32446EB1C6F584D005DF9FA /* SessionData.swift */ = {isa = PBXFileReference; fileEncoding = 4; lastKnownFileType = sourcecode.swift; path = SessionData.swift; sourceTree = "<group>"; };
		F32446ED1C6F5A6B005DF9FA /* SessionReqCard.swift */ = {isa = PBXFileReference; fileEncoding = 4; lastKnownFileType = sourcecode.swift; path = SessionReqCard.swift; sourceTree = "<group>"; };
		F32446EF1C6F5B6B005DF9FA /* StartCard.swift */ = {isa = PBXFileReference; fileEncoding = 4; lastKnownFileType = sourcecode.swift; path = StartCard.swift; sourceTree = "<group>"; };
		F32701841C83337B00BBFD56 /* PhotoLoaderCard.swift */ = {isa = PBXFileReference; fileEncoding = 4; lastKnownFileType = sourcecode.swift; path = PhotoLoaderCard.swift; sourceTree = "<group>"; };
		F33560561C3E7071002A127E /* SwiftyJSON.swift */ = {isa = PBXFileReference; fileEncoding = 4; lastKnownFileType = sourcecode.swift; path = SwiftyJSON.swift; sourceTree = "<group>"; };
		F337E3F61C221EB300557168 /* EntryData.swift */ = {isa = PBXFileReference; fileEncoding = 4; lastKnownFileType = sourcecode.swift; path = EntryData.swift; sourceTree = "<group>"; };
		F337E3F91C2221F300557168 /* CommunityData.swift */ = {isa = PBXFileReference; fileEncoding = 4; lastKnownFileType = sourcecode.swift; path = CommunityData.swift; sourceTree = "<group>"; };
		F34428CB1C78E6810033EA77 /* WelcomeCard.swift */ = {isa = PBXFileReference; fileEncoding = 4; lastKnownFileType = sourcecode.swift; path = WelcomeCard.swift; sourceTree = "<group>"; };
		F34529BF1C8CEF5000955E5D /* AboutCard.swift */ = {isa = PBXFileReference; fileEncoding = 4; lastKnownFileType = sourcecode.swift; path = AboutCard.swift; sourceTree = "<group>"; };
		F35133541C7915140034E23A /* Log+CoreDataProperties.swift */ = {isa = PBXFileReference; fileEncoding = 4; lastKnownFileType = sourcecode.swift; path = "Log+CoreDataProperties.swift"; sourceTree = "<group>"; };
		F35133551C7915140034E23A /* Log.swift */ = {isa = PBXFileReference; fileEncoding = 4; lastKnownFileType = sourcecode.swift; path = Log.swift; sourceTree = "<group>"; };
		F361056F1C8D9A680076CCF2 /* CommunityEditDict.swift */ = {isa = PBXFileReference; fileEncoding = 4; lastKnownFileType = sourcecode.swift; path = CommunityEditDict.swift; sourceTree = "<group>"; };
		F36105711C8D9D110076CCF2 /* NameCell.swift */ = {isa = PBXFileReference; fileEncoding = 4; lastKnownFileType = sourcecode.swift; path = NameCell.swift; sourceTree = "<group>"; };
		F36105741C8D9D6F0076CCF2 /* UsernameCell.swift */ = {isa = PBXFileReference; fileEncoding = 4; lastKnownFileType = sourcecode.swift; path = UsernameCell.swift; sourceTree = "<group>"; };
		F36105761C8D9D960076CCF2 /* PhoneNumberCell.swift */ = {isa = PBXFileReference; fileEncoding = 4; lastKnownFileType = sourcecode.swift; path = PhoneNumberCell.swift; sourceTree = "<group>"; };
		F36105781C8D9DB30076CCF2 /* GenderCell.swift */ = {isa = PBXFileReference; fileEncoding = 4; lastKnownFileType = sourcecode.swift; path = GenderCell.swift; sourceTree = "<group>"; };
		F361057A1C8D9DCE0076CCF2 /* AgeCell.swift */ = {isa = PBXFileReference; fileEncoding = 4; lastKnownFileType = sourcecode.swift; path = AgeCell.swift; sourceTree = "<group>"; };
		F361057F1C8DA80B0076CCF2 /* CommNameCell.swift */ = {isa = PBXFileReference; fileEncoding = 4; lastKnownFileType = sourcecode.swift; path = CommNameCell.swift; sourceTree = "<group>"; };
		F36105811C8DA8630076CCF2 /* CommItemCell.swift */ = {isa = PBXFileReference; fileEncoding = 4; lastKnownFileType = sourcecode.swift; path = CommItemCell.swift; sourceTree = "<group>"; };
		F369D4BA1C9D7257007CB567 /* Alamofire.framework */ = {isa = PBXFileReference; lastKnownFileType = wrapper.framework; name = Alamofire.framework; path = "Pods/../build/Debug-iphoneos/Alamofire.framework"; sourceTree = "<group>"; };
		F369D4BC1C9D725D007CB567 /* RSKImageCropper.framework */ = {isa = PBXFileReference; lastKnownFileType = wrapper.framework; name = RSKImageCropper.framework; path = "Pods/../build/Debug-iphoneos/RSKImageCropper.framework"; sourceTree = "<group>"; };
		F369D4BE1C9D7265007CB567 /* SwiftyJSON.framework */ = {isa = PBXFileReference; lastKnownFileType = wrapper.framework; name = SwiftyJSON.framework; path = "Pods/../build/Debug-iphoneos/SwiftyJSON.framework"; sourceTree = "<group>"; };
		F36A1F2D1C82614D006A0589 /* ChangeFieldCard.swift */ = {isa = PBXFileReference; fileEncoding = 4; lastKnownFileType = sourcecode.swift; path = ChangeFieldCard.swift; sourceTree = "<group>"; };
		F36D1C651C5C180200D0CECD /* NewsData.swift */ = {isa = PBXFileReference; fileEncoding = 4; lastKnownFileType = sourcecode.swift; path = NewsData.swift; sourceTree = "<group>"; };
		F37EA2AB1C1441A000F522CA /* Comfortaa-Bold.ttf */ = {isa = PBXFileReference; lastKnownFileType = file; path = "Comfortaa-Bold.ttf"; sourceTree = "<group>"; };
		F39237A61C8F5F3E00BCC067 /* BirthdayCell.swift */ = {isa = PBXFileReference; fileEncoding = 4; lastKnownFileType = sourcecode.swift; path = BirthdayCell.swift; sourceTree = "<group>"; };
		F3A16AF01C5FE63300576F59 /* EntrySaver.swift */ = {isa = PBXFileReference; fileEncoding = 4; lastKnownFileType = sourcecode.swift; path = EntrySaver.swift; sourceTree = "<group>"; };
		F3A63DD11C9A017800EC0D8B /* ColumnView.swift */ = {isa = PBXFileReference; fileEncoding = 4; lastKnownFileType = sourcecode.swift; path = ColumnView.swift; sourceTree = "<group>"; };
		F3A63DD31C9A038200EC0D8B /* ColumnsCell.swift */ = {isa = PBXFileReference; fileEncoding = 4; lastKnownFileType = sourcecode.swift; path = ColumnsCell.swift; sourceTree = "<group>"; };
		F3A80C241C81C11E00D2FDD2 /* ImageData.swift */ = {isa = PBXFileReference; fileEncoding = 4; lastKnownFileType = sourcecode.swift; path = ImageData.swift; sourceTree = "<group>"; };
		F3A80C261C81E69000D2FDD2 /* LaunchCard.swift */ = {isa = PBXFileReference; fileEncoding = 4; lastKnownFileType = sourcecode.swift; path = LaunchCard.swift; sourceTree = "<group>"; };
		F3A80C281C81E99C00D2FDD2 /* SettingsCard.swift */ = {isa = PBXFileReference; fileEncoding = 4; lastKnownFileType = sourcecode.swift; path = SettingsCard.swift; sourceTree = "<group>"; };
		F3A80C321C82317E00D2FDD2 /* ProfileEditDict.swift */ = {isa = PBXFileReference; fileEncoding = 4; lastKnownFileType = sourcecode.swift; path = ProfileEditDict.swift; sourceTree = "<group>"; };
		F3AC618F1C6F8363006476C2 /* CountryDict.swift */ = {isa = PBXFileReference; fileEncoding = 4; lastKnownFileType = sourcecode.swift; path = CountryDict.swift; sourceTree = "<group>"; };
		F3AC61911C6F8BBF006476C2 /* CountryData.swift */ = {isa = PBXFileReference; fileEncoding = 4; lastKnownFileType = sourcecode.swift; path = CountryData.swift; sourceTree = "<group>"; };
		F3AC61931C6F8F02006476C2 /* Country.swift */ = {isa = PBXFileReference; fileEncoding = 4; lastKnownFileType = sourcecode.swift; path = Country.swift; sourceTree = "<group>"; };
		F3AC61951C6F921A006476C2 /* CountryCell.swift */ = {isa = PBXFileReference; fileEncoding = 4; lastKnownFileType = sourcecode.swift; path = CountryCell.swift; sourceTree = "<group>"; };
		F3ADF10F1C94CA64008A722D /* DescCard.swift */ = {isa = PBXFileReference; fileEncoding = 4; lastKnownFileType = sourcecode.swift; path = DescCard.swift; sourceTree = "<group>"; };
		F3B667911C176ED600B05CF5 /* Comm-Bridging-Header.h */ = {isa = PBXFileReference; lastKnownFileType = sourcecode.c.h; path = "Comm-Bridging-Header.h"; sourceTree = "<group>"; };
		F3B667921C176ED600B05CF5 /* SWRevealViewController.h */ = {isa = PBXFileReference; fileEncoding = 4; lastKnownFileType = sourcecode.c.h; path = SWRevealViewController.h; sourceTree = "<group>"; };
		F3B667931C176ED600B05CF5 /* SWRevealViewController.m */ = {isa = PBXFileReference; fileEncoding = 4; lastKnownFileType = sourcecode.c.objc; path = SWRevealViewController.m; sourceTree = "<group>"; };
		F3B667961C1772C300B05CF5 /* MenuDir.swift */ = {isa = PBXFileReference; fileEncoding = 4; lastKnownFileType = sourcecode.swift; path = MenuDir.swift; sourceTree = "<group>"; };
		F3B6679F1C17869000B05CF5 /* ProfileCell.swift */ = {isa = PBXFileReference; fileEncoding = 4; lastKnownFileType = sourcecode.swift; path = ProfileCell.swift; sourceTree = "<group>"; };
		F3B667A21C178DCB00B05CF5 /* MenuItemCell.swift */ = {isa = PBXFileReference; fileEncoding = 4; lastKnownFileType = sourcecode.swift; path = MenuItemCell.swift; sourceTree = "<group>"; };
		F3C3A59A1C5CE510003FA1F3 /* MemberData.swift */ = {isa = PBXFileReference; fileEncoding = 4; lastKnownFileType = sourcecode.swift; path = MemberData.swift; sourceTree = "<group>"; };
		F3C3A59C1C5CE522003FA1F3 /* Member.swift */ = {isa = PBXFileReference; fileEncoding = 4; lastKnownFileType = sourcecode.swift; path = Member.swift; sourceTree = "<group>"; };
		F3D03C3A1C6FD8670066610E /* SessionCard.swift */ = {isa = PBXFileReference; fileEncoding = 4; lastKnownFileType = sourcecode.swift; path = SessionCard.swift; sourceTree = "<group>"; };
		F3D102F31C6D0885001F0FA1 /* ProfileCard.swift */ = {isa = PBXFileReference; fileEncoding = 4; lastKnownFileType = sourcecode.swift; path = ProfileCard.swift; sourceTree = "<group>"; };
		F3D257A21C712CE2002A70CC /* CoreDataModel.xcdatamodel */ = {isa = PBXFileReference; lastKnownFileType = wrapper.xcdatamodel; path = CoreDataModel.xcdatamodel; sourceTree = "<group>"; };
		F3DADAA31C976D380021BE32 /* Images.xcassets */ = {isa = PBXFileReference; lastKnownFileType = folder.assetcatalog; path = Images.xcassets; sourceTree = "<group>"; };
		F3FEDB431C65E83000B09B97 /* SFUIDisplay-Regular.otf */ = {isa = PBXFileReference; lastKnownFileType = file; path = "SFUIDisplay-Regular.otf"; sourceTree = "<group>"; };
		F3FEDB441C65E83800B09B97 /* SFUIDisplay-Light.otf */ = {isa = PBXFileReference; lastKnownFileType = file; path = "SFUIDisplay-Light.otf"; sourceTree = "<group>"; };
		F3FEDB451C65E85000B09B97 /* SFUIText-Light.otf */ = {isa = PBXFileReference; lastKnownFileType = file; path = "SFUIText-Light.otf"; sourceTree = "<group>"; };
		F3FEDB461C65E85600B09B97 /* SFUIText-Regular.otf */ = {isa = PBXFileReference; lastKnownFileType = file; path = "SFUIText-Regular.otf"; sourceTree = "<group>"; };
/* End PBXFileReference section */

/* Begin PBXFrameworksBuildPhase section */
		3CC2DA921BE2B7C000916FDD /* Frameworks */ = {
			isa = PBXFrameworksBuildPhase;
			buildActionMask = 2147483647;
			files = (
				CA0C465E5026609983EE619B /* Pods.framework in Frameworks */,
			);
			runOnlyForDeploymentPostprocessing = 0;
		};
/* End PBXFrameworksBuildPhase section */

/* Begin PBXGroup section */
		3CC2DA8C1BE2B7C000916FDD = {
			isa = PBXGroup;
			children = (
				3CC2DA971BE2B7C000916FDD /* Threads */,
				3CC2DA961BE2B7C000916FDD /* Products */,
				DEE43A9B9F833C2776D65B09 /* Pods */,
				85DE13500CEFD0B4D5D1B2F7 /* Frameworks */,
			);
			sourceTree = "<group>";
		};
		3CC2DA961BE2B7C000916FDD /* Products */ = {
			isa = PBXGroup;
			children = (
				3CC2DA951BE2B7C000916FDD /* Comm.app */,
			);
			name = Products;
			sourceTree = "<group>";
		};
		3CC2DA971BE2B7C000916FDD /* Threads */ = {
			isa = PBXGroup;
			children = (
				3CC2DA981BE2B7C000916FDD /* AppDelegate.swift */,
				3CC2DA9C1BE2B7C000916FDD /* Main.storyboard */,
				F3DADAA31C976D380021BE32 /* Images.xcassets */,
				F3D102F51C6D0EFF001F0FA1 /* Card */,
				F3B667A11C1788EB00B05CF5 /* Cells */,
				F3D257A41C712CEA002A70CC /* CoreData */,
				3CC2DAB01BE2B7FC00916FDD /* Classes */,
				F337E3F81C221EBB00557168 /* Data */,
				F3B667981C1772C900B05CF5 /* Directory */,
				F3B667951C176EDC00B05CF5 /* Supporting Files */,
				3CC2DAB81BE2B85D00916FDD /* System */,
			);
			path = Threads;
			sourceTree = "<group>";
		};
		3CC2DAB01BE2B7FC00916FDD /* Classes */ = {
			isa = PBXGroup;
			children = (
				3CC2DAAA1BE2B7F600916FDD /* Community.swift */,
				F3AC61931C6F8F02006476C2 /* Country.swift */,
				3CC2DAB11BE2B80E00916FDD /* Entry.swift */,
				F3C3A59C1C5CE522003FA1F3 /* Member.swift */,
				F32446E91C6F57A4005DF9FA /* Session.swift */,
			);
			name = Classes;
			sourceTree = "<group>";
		};
		3CC2DAB81BE2B85D00916FDD /* System */ = {
			isa = PBXGroup;
			children = (
				3CC2DAA11BE2B7C000916FDD /* LaunchScreen.storyboard */,
				3CC2DAA41BE2B7C000916FDD /* Info.plist */,
			);
			name = System;
			sourceTree = "<group>";
		};
		84CC6D0D1C0B06BE008AA59F /* Fonts */ = {
			isa = PBXGroup;
			children = (
				F37EA2AB1C1441A000F522CA /* Comfortaa-Bold.ttf */,
				F3FEDB451C65E85000B09B97 /* SFUIText-Light.otf */,
				F3FEDB461C65E85600B09B97 /* SFUIText-Regular.otf */,
				F3FEDB431C65E83000B09B97 /* SFUIDisplay-Regular.otf */,
				F3FEDB441C65E83800B09B97 /* SFUIDisplay-Light.otf */,
			);
			name = Fonts;
			sourceTree = "<group>";
		};
		85DE13500CEFD0B4D5D1B2F7 /* Frameworks */ = {
			isa = PBXGroup;
			children = (
				F369D4BE1C9D7265007CB567 /* SwiftyJSON.framework */,
				F369D4BC1C9D725D007CB567 /* RSKImageCropper.framework */,
				F369D4BA1C9D7257007CB567 /* Alamofire.framework */,
				A40B2CD6BB6C75F7AB60935C /* Pods.framework */,
			);
			name = Frameworks;
			sourceTree = "<group>";
		};
		DEE43A9B9F833C2776D65B09 /* Pods */ = {
			isa = PBXGroup;
			children = (
				1F6D5269A01F9B9516652A70 /* Pods.debug.xcconfig */,
				542734DA7F8138C6B981EC92 /* Pods.release.xcconfig */,
			);
			name = Pods;
			sourceTree = "<group>";
		};
		F337E3F81C221EBB00557168 /* Data */ = {
			isa = PBXGroup;
			children = (
				F337E3F61C221EB300557168 /* EntryData.swift */,
				F337E3F91C2221F300557168 /* CommunityData.swift */,
				F3AC61911C6F8BBF006476C2 /* CountryData.swift */,
				F3C3A59A1C5CE510003FA1F3 /* MemberData.swift */,
				F36D1C651C5C180200D0CECD /* NewsData.swift */,
				F32446EB1C6F584D005DF9FA /* SessionData.swift */,
				F3A80C241C81C11E00D2FDD2 /* ImageData.swift */,
			);
			name = Data;
			sourceTree = "<group>";
		};
		F36105731C8D9D280076CCF2 /* ProfileEdit */ = {
			isa = PBXGroup;
			children = (
				F361057A1C8D9DCE0076CCF2 /* AgeCell.swift */,
				F39237A61C8F5F3E00BCC067 /* BirthdayCell.swift */,
				F36105781C8D9DB30076CCF2 /* GenderCell.swift */,
				F36105711C8D9D110076CCF2 /* NameCell.swift */,
				F36105761C8D9D960076CCF2 /* PhoneNumberCell.swift */,
				F36105741C8D9D6F0076CCF2 /* UsernameCell.swift */,
			);
			name = ProfileEdit;
			sourceTree = "<group>";
		};
		F361057C1C8D9EC50076CCF2 /* CommunityEdit */ = {
			isa = PBXGroup;
			children = (
				F361057F1C8DA80B0076CCF2 /* CommNameCell.swift */,
				F36105811C8DA8630076CCF2 /* CommItemCell.swift */,
			);
			name = CommunityEdit;
			sourceTree = "<group>";
		};
		F361057D1C8D9EEC0076CCF2 /* Entry */ = {
			isa = PBXGroup;
			children = (
				F3A63DD31C9A038200EC0D8B /* ColumnsCell.swift */,
				3CC2DAB21BE2B80E00916FDD /* EntryCell.swift */,
				841045CF1C065A760016F48A /* EntryHeaderCell.swift */,
			);
			name = Entry;
			sourceTree = "<group>";
		};
		F361057E1C8D9F170076CCF2 /* Menu */ = {
			isa = PBXGroup;
			children = (
				F3B667A21C178DCB00B05CF5 /* MenuItemCell.swift */,
				F3B6679F1C17869000B05CF5 /* ProfileCell.swift */,
			);
			name = Menu;
			sourceTree = "<group>";
		};
		F3B667951C176EDC00B05CF5 /* Supporting Files */ = {
			isa = PBXGroup;
			children = (
				F3B667911C176ED600B05CF5 /* Comm-Bridging-Header.h */,
				F3B667931C176ED600B05CF5 /* SWRevealViewController.m */,
				F3B667921C176ED600B05CF5 /* SWRevealViewController.h */,
				F33560561C3E7071002A127E /* SwiftyJSON.swift */,
				84CC6D0D1C0B06BE008AA59F /* Fonts */,
			);
			name = "Supporting Files";
			sourceTree = "<group>";
		};
		F3B667981C1772C900B05CF5 /* Directory */ = {
			isa = PBXGroup;
			children = (
				3CC2DAAC1BE2B7F600916FDD /* CommunityDir.swift */,
				F361056F1C8D9A680076CCF2 /* CommunityEditDict.swift */,
				F3AC618F1C6F8363006476C2 /* CountryDict.swift */,
				3CC2DAB31BE2B80E00916FDD /* EntryDir.swift */,
				F3B667961C1772C300B05CF5 /* MenuDir.swift */,
				F321067F1C1D672E00EFF9F3 /* NewsDir.swift */,
				F3A80C321C82317E00D2FDD2 /* ProfileEditDict.swift */,
			);
			name = Directory;
			sourceTree = "<group>";
		};
		F3B667A11C1788EB00B05CF5 /* Cells */ = {
			isa = PBXGroup;
			children = (
				F361057C1C8D9EC50076CCF2 /* CommunityEdit */,
				F361057D1C8D9EEC0076CCF2 /* Entry */,
				F361057E1C8D9F170076CCF2 /* Menu */,
				F36105731C8D9D280076CCF2 /* ProfileEdit */,
				3CC2DAAB1BE2B7F600916FDD /* CommunityCell.swift */,
				F3AC61951C6F921A006476C2 /* CountryCell.swift */,
			);
			name = Cells;
			sourceTree = "<group>";
		};
		F3D102F51C6D0EFF001F0FA1 /* Card */ = {
			isa = PBXGroup;
			children = (
				F34529BF1C8CEF5000955E5D /* AboutCard.swift */,
				F36A1F2D1C82614D006A0589 /* ChangeFieldCard.swift */,
				F3A63DD11C9A017800EC0D8B /* ColumnView.swift */,
				F3ADF10F1C94CA64008A722D /* DescCard.swift */,
				F3A16AF01C5FE63300576F59 /* EntrySaver.swift */,
				F3A80C261C81E69000D2FDD2 /* LaunchCard.swift */,
				F32701841C83337B00BBFD56 /* PhotoLoaderCard.swift */,
				F3D102F31C6D0885001F0FA1 /* ProfileCard.swift */,
				F3D03C3A1C6FD8670066610E /* SessionCard.swift */,
				F32446ED1C6F5A6B005DF9FA /* SessionReqCard.swift */,
				F3A80C281C81E99C00D2FDD2 /* SettingsCard.swift */,
				F32446EF1C6F5B6B005DF9FA /* StartCard.swift */,
				F34428CB1C78E6810033EA77 /* WelcomeCard.swift */,
			);
			name = Card;
			sourceTree = "<group>";
		};
		F3D257A41C712CEA002A70CC /* CoreData */ = {
			isa = PBXGroup;
			children = (
				F3D257A11C712CE2002A70CC /* CoreDataModel.xcdatamodeld */,
				F35133541C7915140034E23A /* Log+CoreDataProperties.swift */,
				F35133551C7915140034E23A /* Log.swift */,
			);
			name = CoreData;
			sourceTree = "<group>";
		};
/* End PBXGroup section */

/* Begin PBXNativeTarget section */
		3CC2DA941BE2B7C000916FDD /* Comm */ = {
			isa = PBXNativeTarget;
			buildConfigurationList = 3CC2DAA71BE2B7C000916FDD /* Build configuration list for PBXNativeTarget "Comm" */;
			buildPhases = (
				97B7F4BC4E493103EE42CB51 /* Check Pods Manifest.lock */,
				3CC2DA911BE2B7C000916FDD /* Sources */,
				3CC2DA921BE2B7C000916FDD /* Frameworks */,
				3CC2DA931BE2B7C000916FDD /* Resources */,
				33575B36F1A78789F96FEA04 /* Embed Pods Frameworks */,
				D6FF2D66B16C0ADD199F0A44 /* Copy Pods Resources */,
			);
			buildRules = (
			);
			dependencies = (
			);
			name = Comm;
			productName = Threads;
			productReference = 3CC2DA951BE2B7C000916FDD /* Comm.app */;
			productType = "com.apple.product-type.application";
		};
/* End PBXNativeTarget section */

/* Begin PBXProject section */
		3CC2DA8D1BE2B7C000916FDD /* Project object */ = {
			isa = PBXProject;
			attributes = {
				LastSwiftUpdateCheck = 0710;
				LastUpgradeCheck = 0720;
				ORGANIZATIONNAME = "Igor Cova";
				TargetAttributes = {
					3CC2DA941BE2B7C000916FDD = {
						CreatedOnToolsVersion = 7.0.1;
						DevelopmentTeam = 4R2M8FE9U7;
					};
				};
			};
			buildConfigurationList = 3CC2DA901BE2B7C000916FDD /* Build configuration list for PBXProject "Threads" */;
			compatibilityVersion = "Xcode 3.2";
			developmentRegion = English;
			hasScannedForEncodings = 0;
			knownRegions = (
				en,
				Base,
			);
			mainGroup = 3CC2DA8C1BE2B7C000916FDD;
			productRefGroup = 3CC2DA961BE2B7C000916FDD /* Products */;
			projectDirPath = "";
			projectRoot = "";
			targets = (
				3CC2DA941BE2B7C000916FDD /* Comm */,
			);
		};
/* End PBXProject section */

/* Begin PBXResourcesBuildPhase section */
		3CC2DA931BE2B7C000916FDD /* Resources */ = {
			isa = PBXResourcesBuildPhase;
			buildActionMask = 2147483647;
			files = (
				3CC2DAA31BE2B7C000916FDD /* LaunchScreen.storyboard in Resources */,
				F3DADAA41C976D380021BE32 /* Images.xcassets in Resources */,
				3CC2DA9E1BE2B7C000916FDD /* Main.storyboard in Resources */,
				F37EA2AC1C1441A000F522CA /* Comfortaa-Bold.ttf in Resources */,
			);
			runOnlyForDeploymentPostprocessing = 0;
		};
/* End PBXResourcesBuildPhase section */

/* Begin PBXShellScriptBuildPhase section */
		33575B36F1A78789F96FEA04 /* Embed Pods Frameworks */ = {
			isa = PBXShellScriptBuildPhase;
			buildActionMask = 2147483647;
			files = (
			);
			inputPaths = (
			);
			name = "Embed Pods Frameworks";
			outputPaths = (
			);
			runOnlyForDeploymentPostprocessing = 0;
			shellPath = /bin/sh;
			shellScript = "\"${SRCROOT}/Pods/Target Support Files/Pods/Pods-frameworks.sh\"\n";
			showEnvVarsInLog = 0;
		};
		97B7F4BC4E493103EE42CB51 /* Check Pods Manifest.lock */ = {
			isa = PBXShellScriptBuildPhase;
			buildActionMask = 2147483647;
			files = (
			);
			inputPaths = (
			);
			name = "Check Pods Manifest.lock";
			outputPaths = (
			);
			runOnlyForDeploymentPostprocessing = 0;
			shellPath = /bin/sh;
			shellScript = "diff \"${PODS_ROOT}/../Podfile.lock\" \"${PODS_ROOT}/Manifest.lock\" > /dev/null\nif [[ $? != 0 ]] ; then\n    cat << EOM\nerror: The sandbox is not in sync with the Podfile.lock. Run 'pod install' or update your CocoaPods installation.\nEOM\n    exit 1\nfi\n";
			showEnvVarsInLog = 0;
		};
		D6FF2D66B16C0ADD199F0A44 /* Copy Pods Resources */ = {
			isa = PBXShellScriptBuildPhase;
			buildActionMask = 2147483647;
			files = (
			);
			inputPaths = (
			);
			name = "Copy Pods Resources";
			outputPaths = (
			);
			runOnlyForDeploymentPostprocessing = 0;
			shellPath = /bin/sh;
			shellScript = "\"${SRCROOT}/Pods/Target Support Files/Pods/Pods-resources.sh\"\n";
			showEnvVarsInLog = 0;
		};
/* End PBXShellScriptBuildPhase section */

/* Begin PBXSourcesBuildPhase section */
		3CC2DA911BE2B7C000916FDD /* Sources */ = {
			isa = PBXSourcesBuildPhase;
			buildActionMask = 2147483647;
			files = (
				F3B667971C1772C300B05CF5 /* MenuDir.swift in Sources */,
				F32701851C83337B00BBFD56 /* PhotoLoaderCard.swift in Sources */,
				F32446EC1C6F584D005DF9FA /* SessionData.swift in Sources */,
				F35133571C7915140034E23A /* Log.swift in Sources */,
				F3A63DD21C9A017800EC0D8B /* ColumnView.swift in Sources */,
				F3D102F41C6D0885001F0FA1 /* ProfileCard.swift in Sources */,
				F3A16AF11C5FE63300576F59 /* EntrySaver.swift in Sources */,
				F3A63DD41C9A038200EC0D8B /* ColumnsCell.swift in Sources */,
				3CC2DAB41BE2B80E00916FDD /* Entry.swift in Sources */,
				3CC2DAAD1BE2B7F600916FDD /* Community.swift in Sources */,
				F36105721C8D9D110076CCF2 /* NameCell.swift in Sources */,
				F3D257A31C712CE2002A70CC /* CoreDataModel.xcdatamodeld in Sources */,
				F36105801C8DA80B0076CCF2 /* CommNameCell.swift in Sources */,
				F3B667A31C178DCB00B05CF5 /* MenuItemCell.swift in Sources */,
				F3AC61901C6F8363006476C2 /* CountryDict.swift in Sources */,
				F3AC61921C6F8BBF006476C2 /* CountryData.swift in Sources */,
				F3D03C3B1C6FD8670066610E /* SessionCard.swift in Sources */,
				F36A1F2E1C82614D006A0589 /* ChangeFieldCard.swift in Sources */,
				3CC2DAB61BE2B80E00916FDD /* EntryDir.swift in Sources */,
				841045D01C065A760016F48A /* EntryHeaderCell.swift in Sources */,
				F3AC61961C6F921A006476C2 /* CountryCell.swift in Sources */,
				3CC2DAAF1BE2B7F600916FDD /* CommunityDir.swift in Sources */,
				F3C3A59D1C5CE522003FA1F3 /* Member.swift in Sources */,
				F36D1C661C5C180200D0CECD /* NewsData.swift in Sources */,
				F36105751C8D9D6F0076CCF2 /* UsernameCell.swift in Sources */,
				F36105821C8DA8630076CCF2 /* CommItemCell.swift in Sources */,
				F39237A71C8F5F3E00BCC067 /* BirthdayCell.swift in Sources */,
				3CC2DAB51BE2B80E00916FDD /* EntryCell.swift in Sources */,
				F3A80C291C81E99C00D2FDD2 /* SettingsCard.swift in Sources */,
				F34428CC1C78E6810033EA77 /* WelcomeCard.swift in Sources */,
				F34529C01C8CEF5000955E5D /* AboutCard.swift in Sources */,
				F36105791C8D9DB30076CCF2 /* GenderCell.swift in Sources */,
				F3B667941C176ED600B05CF5 /* SWRevealViewController.m in Sources */,
				F337E3F71C221EB300557168 /* EntryData.swift in Sources */,
				F3A80C251C81C11E00D2FDD2 /* ImageData.swift in Sources */,
				F3B667A01C17869000B05CF5 /* ProfileCell.swift in Sources */,
				3CC2DA991BE2B7C000916FDD /* AppDelegate.swift in Sources */,
				F32446EE1C6F5A6B005DF9FA /* SessionReqCard.swift in Sources */,
				F35133561C7915140034E23A /* Log+CoreDataProperties.swift in Sources */,
				F337E3FA1C2221F300557168 /* CommunityData.swift in Sources */,
				F3C3A59B1C5CE510003FA1F3 /* MemberData.swift in Sources */,
				F32446EA1C6F57A4005DF9FA /* Session.swift in Sources */,
				F3A80C331C82317E00D2FDD2 /* ProfileEditDict.swift in Sources */,
				F33560571C3E7071002A127E /* SwiftyJSON.swift in Sources */,
				3CC2DAAE1BE2B7F600916FDD /* CommunityCell.swift in Sources */,
				F36105701C8D9A680076CCF2 /* CommunityEditDict.swift in Sources */,
				F32106801C1D672E00EFF9F3 /* NewsDir.swift in Sources */,
				F3AC61941C6F8F02006476C2 /* Country.swift in Sources */,
				F36105771C8D9D960076CCF2 /* PhoneNumberCell.swift in Sources */,
				F32446F01C6F5B6B005DF9FA /* StartCard.swift in Sources */,
				F3A80C271C81E69000D2FDD2 /* LaunchCard.swift in Sources */,
				F361057B1C8D9DCE0076CCF2 /* AgeCell.swift in Sources */,
				F3ADF1101C94CA64008A722D /* DescCard.swift in Sources */,
			);
			runOnlyForDeploymentPostprocessing = 0;
		};
/* End PBXSourcesBuildPhase section */

/* Begin PBXVariantGroup section */
		3CC2DA9C1BE2B7C000916FDD /* Main.storyboard */ = {
			isa = PBXVariantGroup;
			children = (
				3CC2DA9D1BE2B7C000916FDD /* Base */,
			);
			name = Main.storyboard;
			sourceTree = "<group>";
		};
		3CC2DAA11BE2B7C000916FDD /* LaunchScreen.storyboard */ = {
			isa = PBXVariantGroup;
			children = (
				3CC2DAA21BE2B7C000916FDD /* Base */,
			);
			name = LaunchScreen.storyboard;
			sourceTree = "<group>";
		};
/* End PBXVariantGroup section */

/* Begin XCBuildConfiguration section */
		3CC2DAA51BE2B7C000916FDD /* Debug */ = {
			isa = XCBuildConfiguration;
			baseConfigurationReference = 1F6D5269A01F9B9516652A70 /* Pods.debug.xcconfig */;
			buildSettings = {
				ALWAYS_SEARCH_USER_PATHS = NO;
				CLANG_CXX_LANGUAGE_STANDARD = "gnu++0x";
				CLANG_CXX_LIBRARY = "libc++";
				CLANG_ENABLE_MODULES = YES;
				CLANG_ENABLE_OBJC_ARC = YES;
				CLANG_WARN_BOOL_CONVERSION = YES;
				CLANG_WARN_CONSTANT_CONVERSION = YES;
				CLANG_WARN_DIRECT_OBJC_ISA_USAGE = YES_ERROR;
				CLANG_WARN_EMPTY_BODY = YES;
				CLANG_WARN_ENUM_CONVERSION = YES;
				CLANG_WARN_INT_CONVERSION = YES;
				CLANG_WARN_OBJC_ROOT_CLASS = YES_ERROR;
				CLANG_WARN_UNREACHABLE_CODE = YES;
				CLANG_WARN__DUPLICATE_METHOD_MATCH = YES;
				"CODE_SIGN_IDENTITY[sdk=iphoneos*]" = "iPhone Developer";
				COPY_PHASE_STRIP = NO;
				DEBUG_INFORMATION_FORMAT = dwarf;
				ENABLE_STRICT_OBJC_MSGSEND = YES;
				ENABLE_TESTABILITY = YES;
				GCC_C_LANGUAGE_STANDARD = gnu99;
				GCC_DYNAMIC_NO_PIC = NO;
				GCC_NO_COMMON_BLOCKS = YES;
				GCC_OPTIMIZATION_LEVEL = 0;
				GCC_PREPROCESSOR_DEFINITIONS = (
					"DEBUG=1",
					"$(inherited)",
				);
				GCC_WARN_64_TO_32_BIT_CONVERSION = YES;
				GCC_WARN_ABOUT_RETURN_TYPE = YES_ERROR;
				GCC_WARN_UNDECLARED_SELECTOR = YES;
				GCC_WARN_UNINITIALIZED_AUTOS = YES_AGGRESSIVE;
				GCC_WARN_UNUSED_FUNCTION = YES;
				GCC_WARN_UNUSED_VARIABLE = YES;
				IPHONEOS_DEPLOYMENT_TARGET = 9.0;
				MTL_ENABLE_DEBUG_INFO = YES;
				ONLY_ACTIVE_ARCH = YES;
				SDKROOT = iphoneos;
				SWIFT_OPTIMIZATION_LEVEL = "-Onone";
				TARGETED_DEVICE_FAMILY = "1,2";
			};
			name = Debug;
		};
		3CC2DAA61BE2B7C000916FDD /* Release */ = {
			isa = XCBuildConfiguration;
			baseConfigurationReference = 542734DA7F8138C6B981EC92 /* Pods.release.xcconfig */;
			buildSettings = {
				ALWAYS_SEARCH_USER_PATHS = NO;
				CLANG_CXX_LANGUAGE_STANDARD = "gnu++0x";
				CLANG_CXX_LIBRARY = "libc++";
				CLANG_ENABLE_MODULES = YES;
				CLANG_ENABLE_OBJC_ARC = YES;
				CLANG_WARN_BOOL_CONVERSION = YES;
				CLANG_WARN_CONSTANT_CONVERSION = YES;
				CLANG_WARN_DIRECT_OBJC_ISA_USAGE = YES_ERROR;
				CLANG_WARN_EMPTY_BODY = YES;
				CLANG_WARN_ENUM_CONVERSION = YES;
				CLANG_WARN_INT_CONVERSION = YES;
				CLANG_WARN_OBJC_ROOT_CLASS = YES_ERROR;
				CLANG_WARN_UNREACHABLE_CODE = YES;
				CLANG_WARN__DUPLICATE_METHOD_MATCH = YES;
				"CODE_SIGN_IDENTITY[sdk=iphoneos*]" = "iPhone Developer";
				COPY_PHASE_STRIP = NO;
				DEBUG_INFORMATION_FORMAT = "dwarf-with-dsym";
				ENABLE_NS_ASSERTIONS = NO;
				ENABLE_STRICT_OBJC_MSGSEND = YES;
				GCC_C_LANGUAGE_STANDARD = gnu99;
				GCC_NO_COMMON_BLOCKS = YES;
				GCC_WARN_64_TO_32_BIT_CONVERSION = YES;
				GCC_WARN_ABOUT_RETURN_TYPE = YES_ERROR;
				GCC_WARN_UNDECLARED_SELECTOR = YES;
				GCC_WARN_UNINITIALIZED_AUTOS = YES_AGGRESSIVE;
				GCC_WARN_UNUSED_FUNCTION = YES;
				GCC_WARN_UNUSED_VARIABLE = YES;
				IPHONEOS_DEPLOYMENT_TARGET = 9.0;
				MTL_ENABLE_DEBUG_INFO = NO;
				SDKROOT = iphoneos;
				TARGETED_DEVICE_FAMILY = "1,2";
				VALIDATE_PRODUCT = YES;
			};
			name = Release;
		};
		3CC2DAA81BE2B7C000916FDD /* Debug */ = {
			isa = XCBuildConfiguration;
			baseConfigurationReference = 1F6D5269A01F9B9516652A70 /* Pods.debug.xcconfig */;
			buildSettings = {
				ASSETCATALOG_COMPILER_APPICON_NAME = AppIcon;
				CLANG_ENABLE_MODULES = YES;
				CODE_SIGN_IDENTITY = "iPhone Developer";
				"CODE_SIGN_IDENTITY[sdk=iphoneos*]" = "iPhone Developer";
				FRAMEWORK_SEARCH_PATHS = "$(inherited)";
				INFOPLIST_FILE = Threads/Info.plist;
				IPHONEOS_DEPLOYMENT_TARGET = 9.0;
				LD_RUNPATH_SEARCH_PATHS = "$(inherited) @executable_path/Frameworks";
				PRODUCT_BUNDLE_IDENTIFIER = Tectonics.Threads;
				PRODUCT_NAME = "$(TARGET_NAME)";
				PROVISIONING_PROFILE = "";
				SWIFT_OBJC_BRIDGING_HEADER = "Threads/Comm-Bridging-Header.h";
				SWIFT_OPTIMIZATION_LEVEL = "-Onone";
				TARGETED_DEVICE_FAMILY = 1;
			};
			name = Debug;
		};
		3CC2DAA91BE2B7C000916FDD /* Release */ = {
			isa = XCBuildConfiguration;
			baseConfigurationReference = 542734DA7F8138C6B981EC92 /* Pods.release.xcconfig */;
			buildSettings = {
				ASSETCATALOG_COMPILER_APPICON_NAME = AppIcon;
				CLANG_ENABLE_MODULES = YES;
				CODE_SIGN_IDENTITY = "iPhone Developer";
				"CODE_SIGN_IDENTITY[sdk=iphoneos*]" = "iPhone Developer";
				FRAMEWORK_SEARCH_PATHS = "$(inherited)";
				INFOPLIST_FILE = Threads/Info.plist;
				IPHONEOS_DEPLOYMENT_TARGET = 9.0;
				LD_RUNPATH_SEARCH_PATHS = "$(inherited) @executable_path/Frameworks";
				PRODUCT_BUNDLE_IDENTIFIER = Tectonics.Threads;
				PRODUCT_NAME = "$(TARGET_NAME)";
				PROVISIONING_PROFILE = "";
				SWIFT_OBJC_BRIDGING_HEADER = "Threads/Comm-Bridging-Header.h";
				TARGETED_DEVICE_FAMILY = 1;
			};
			name = Release;
		};
/* End XCBuildConfiguration section */

/* Begin XCConfigurationList section */
		3CC2DA901BE2B7C000916FDD /* Build configuration list for PBXProject "Threads" */ = {
			isa = XCConfigurationList;
			buildConfigurations = (
				3CC2DAA51BE2B7C000916FDD /* Debug */,
				3CC2DAA61BE2B7C000916FDD /* Release */,
			);
			defaultConfigurationIsVisible = 0;
			defaultConfigurationName = Release;
		};
		3CC2DAA71BE2B7C000916FDD /* Build configuration list for PBXNativeTarget "Comm" */ = {
			isa = XCConfigurationList;
			buildConfigurations = (
				3CC2DAA81BE2B7C000916FDD /* Debug */,
				3CC2DAA91BE2B7C000916FDD /* Release */,
			);
			defaultConfigurationIsVisible = 0;
			defaultConfigurationName = Release;
		};
/* End XCConfigurationList section */

/* Begin XCVersionGroup section */
		F3D257A11C712CE2002A70CC /* CoreDataModel.xcdatamodeld */ = {
			isa = XCVersionGroup;
			children = (
				F3D257A21C712CE2002A70CC /* CoreDataModel.xcdatamodel */,
			);
			currentVersion = F3D257A21C712CE2002A70CC /* CoreDataModel.xcdatamodel */;
			path = CoreDataModel.xcdatamodeld;
			sourceTree = "<group>";
			versionGroupType = wrapper.xcdatamodel;
		};
/* End XCVersionGroup section */
	};
	rootObject = 3CC2DA8D1BE2B7C000916FDD /* Project object */;
}
